
Microsoft Visual Studio Solution File, Format Version 12.00
# Visual Studio Version 17
VisualStudioVersion = 17.1.32228.430
MinimumVisualStudioVersion = 10.0.40219.1
Project("{8BC9CEB8-8B4A-11D0-8D11-00A0C91BC942}") = "Bai001", "Bai001\Bai001.vcxproj", "{B36332B3-28A1-4F31-9EB5-4AC719399FEF}"
EndProject
Project("{8BC9CEB8-8B4A-11D0-8D11-00A0C91BC942}") = "Bai002", "Bai002\Bai002.vcxproj", "{9E329EBF-C7F7-4F43-BDE9-A448074E7C1B}"
EndProject
Project("{8BC9CEB8-8B4A-11D0-8D11-00A0C91BC942}") = "Bai003", "Bai003\Bai003.vcxproj", "{E20BEA1C-9447-4FCF-872D-AD50B35A6AA4}"
EndProject
Project("{8BC9CEB8-8B4A-11D0-8D11-00A0C91BC942}") = "Bai004", "Bai004\Bai004.vcxproj", "{A5593B49-2031-4BF8-94BE-CFE497931F9E}"
EndProject
Project("{8BC9CEB8-8B4A-11D0-8D11-00A0C91BC942}") = "Bai005", "Bai005\Bai005.vcxproj", "{20283008-DDAF-476E-AEFD-0B0A23B2C636}"
EndProject
Project("{8BC9CEB8-8B4A-11D0-8D11-00A0C91BC942}") = "Bai006", "Bai006\Bai006.vcxproj", "{4E51DFA5-71FD-41D5-98AB-44AFACFFB732}"
EndProject
Project("{8BC9CEB8-8B4A-11D0-8D11-00A0C91BC942}") = "Bai007", "Bai007\Bai007.vcxproj", "{0E4A5A7F-4E75-4C3A-A3D6-95DD989B4C8E}"
EndProject
Project("{8BC9CEB8-8B4A-11D0-8D11-00A0C91BC942}") = "Bai008", "Bai008\Bai008.vcxproj", "{5A03ACBE-24DD-43D8-872D-9AD333CC1B26}"
EndProject
Project("{8BC9CEB8-8B4A-11D0-8D11-00A0C91BC942}") = "Bai009", "Bai009\Bai009.vcxproj", "{742157F1-EC9B-48A1-B28C-BBA90B115B9E}"
EndProject
Project("{8BC9CEB8-8B4A-11D0-8D11-00A0C91BC942}") = "Bai010", "Bai010\Bai010.vcxproj", "{01698E7A-81B2-407F-A8D6-DF8AAB6A6514}"
EndProject
Project("{8BC9CEB8-8B4A-11D0-8D11-00A0C91BC942}") = "Bai011", "Bai011\Bai011.vcxproj", "{220F6F26-9468-40D2-A112-BA32AE82055C}"
EndProject
Project("{8BC9CEB8-8B4A-11D0-8D11-00A0C91BC942}") = "Bai012", "Bai012\Bai012.vcxproj", "{C1F7FAAD-4AF1-4593-8977-A51BD4002BA5}"
EndProject
Project("{8BC9CEB8-8B4A-11D0-8D11-00A0C91BC942}") = "Bai013", "Bai013\Bai013.vcxproj", "{DF603F9D-D6EB-48D3-A944-9529B9482DF8}"
EndProject
Project("{8BC9CEB8-8B4A-11D0-8D11-00A0C91BC942}") = "Bai014", "Bai014\Bai014.vcxproj", "{C1F008D0-9660-472C-8C6C-DA9581DD31BE}"
EndProject
Project("{8BC9CEB8-8B4A-11D0-8D11-00A0C91BC942}") = "Bai015", "Bai015\Bai015.vcxproj", "{0193BFDA-819E-4F6E-8E4F-A7F989AAB8D3}"
EndProject
Project("{8BC9CEB8-8B4A-11D0-8D11-00A0C91BC942}") = "Bai016", "Bai016\Bai016.vcxproj", "{AED33158-B0DD-4442-93EF-BB57E6E64752}"
EndProject
Project("{8BC9CEB8-8B4A-11D0-8D11-00A0C91BC942}") = "Bai017", "Bai017\Bai017.vcxproj", "{313D22BD-1F15-4B59-8366-FFBEC080F424}"
EndProject
Project("{8BC9CEB8-8B4A-11D0-8D11-00A0C91BC942}") = "Bai018", "Bai018\Bai018.vcxproj", "{DA4B39BE-5043-4173-9ECC-1209EB80EEF3}"
EndProject
Project("{8BC9CEB8-8B4A-11D0-8D11-00A0C91BC942}") = "Bai019", "Bai019\Bai019.vcxproj", "{D649905B-FB4C-447A-8166-F1C6E1E1697C}"
EndProject
Project("{8BC9CEB8-8B4A-11D0-8D11-00A0C91BC942}") = "Bai020", "Bai020\Bai020.vcxproj", "{F6D13549-4A87-4012-B9C4-229AAFE1030E}"
EndProject
Project("{8BC9CEB8-8B4A-11D0-8D11-00A0C91BC942}") = "Bai021", "Bai021\Bai021.vcxproj", "{19263E81-0CBF-4FB5-9068-7BFC274E2DFA}"
EndProject
Project("{8BC9CEB8-8B4A-11D0-8D11-00A0C91BC942}") = "Bai022", "Bai022\Bai022.vcxproj", "{1FFFD0A6-AEA9-4D88-BA48-526910961F05}"
EndProject
Project("{8BC9CEB8-8B4A-11D0-8D11-00A0C91BC942}") = "Bai023", "Bai023\Bai023.vcxproj", "{1C1E9128-EEA7-4D50-A990-6521D9F8DE91}"
EndProject
Project("{8BC9CEB8-8B4A-11D0-8D11-00A0C91BC942}") = "Bai024", "Bai024\Bai024.vcxproj", "{ADEA8C35-FFB1-42CB-9F24-6B2AA17A6B8F}"
EndProject
Project("{8BC9CEB8-8B4A-11D0-8D11-00A0C91BC942}") = "Bai025", "Bai025\Bai025.vcxproj", "{511B38D1-F72F-4245-AC18-54C3C76B10C2}"
EndProject
Project("{8BC9CEB8-8B4A-11D0-8D11-00A0C91BC942}") = "Bai026", "Bai026\Bai026.vcxproj", "{A29FFF61-7746-43DE-92F6-57DDFA005617}"
EndProject
Project("{8BC9CEB8-8B4A-11D0-8D11-00A0C91BC942}") = "Bai027", "Bai027\Bai027.vcxproj", "{D62B9FBD-155F-461D-AA0F-10295F1AC42B}"
EndProject
Project("{8BC9CEB8-8B4A-11D0-8D11-00A0C91BC942}") = "Bai028", "Bai028\Bai028.vcxproj", "{5055F5F8-A62E-4637-A9B4-5D898A0B043F}"
EndProject
Project("{8BC9CEB8-8B4A-11D0-8D11-00A0C91BC942}") = "Bai029", "Bai029\Bai029.vcxproj", "{1FC67DBE-C592-4839-9A42-186F4C84BAB1}"
EndProject
Project("{8BC9CEB8-8B4A-11D0-8D11-00A0C91BC942}") = "Bai030", "Bai030\Bai030.vcxproj", "{BC188BAC-F592-431A-982A-37DCC2D61BFD}"
EndProject
Project("{8BC9CEB8-8B4A-11D0-8D11-00A0C91BC942}") = "Bai031", "Bai031\Bai031.vcxproj", "{A0CB7395-9BDB-45B8-A7E1-4BA5DC42DD22}"
EndProject
Project("{8BC9CEB8-8B4A-11D0-8D11-00A0C91BC942}") = "Bai032", "Bai032\Bai032.vcxproj", "{EDD33F63-835E-4C51-80FC-A339285148CA}"
EndProject
Project("{8BC9CEB8-8B4A-11D0-8D11-00A0C91BC942}") = "Bai033", "Bai033\Bai033.vcxproj", "{3129D155-AA17-4F91-B495-05E850B7C4A3}"
EndProject
Project("{8BC9CEB8-8B4A-11D0-8D11-00A0C91BC942}") = "Bai034", "Bai034\Bai034.vcxproj", "{670E3B01-A04D-40A3-B0F1-C29A0F74AF8F}"
EndProject
Project("{8BC9CEB8-8B4A-11D0-8D11-00A0C91BC942}") = "Bai035", "Bai035\Bai035.vcxproj", "{779999EE-417A-4D4E-8355-086933C51D15}"
EndProject
Project("{8BC9CEB8-8B4A-11D0-8D11-00A0C91BC942}") = "Bai036", "Bai036\Bai036.vcxproj", "{328FB2D5-1021-4737-B949-A5498CE7D314}"
EndProject
Project("{8BC9CEB8-8B4A-11D0-8D11-00A0C91BC942}") = "Bai037", "Bai037\Bai037.vcxproj", "{1DDDF699-81D1-422F-9425-4D11DA2A1579}"
EndProject
Project("{8BC9CEB8-8B4A-11D0-8D11-00A0C91BC942}") = "Bai038", "Bai038\Bai038.vcxproj", "{35107247-FB81-4611-ABC8-483206C1BFEB}"
EndProject
Project("{8BC9CEB8-8B4A-11D0-8D11-00A0C91BC942}") = "Bai039", "Bai039\Bai039.vcxproj", "{5CEA73FE-A352-4D4C-84F6-687DD37D9DA4}"
EndProject
Project("{8BC9CEB8-8B4A-11D0-8D11-00A0C91BC942}") = "Bai040", "Bai040\Bai040.vcxproj", "{FD9143B5-62C0-4BD3-B455-CBB02C5FE351}"
EndProject
Project("{8BC9CEB8-8B4A-11D0-8D11-00A0C91BC942}") = "Bai041", "Bai041\Bai041.vcxproj", "{7ECA4103-6CE9-49BD-B82C-8726D94884E0}"
EndProject
Project("{8BC9CEB8-8B4A-11D0-8D11-00A0C91BC942}") = "Bai042", "Bai042\Bai042.vcxproj", "{7145ADC2-EBB8-4A2A-9CD8-76224F08409F}"
EndProject
Project("{8BC9CEB8-8B4A-11D0-8D11-00A0C91BC942}") = "Bai043", "Bai043\Bai043.vcxproj", "{52EF14B1-2AA0-4E64-AC41-DB4CFD626A30}"
EndProject
Project("{8BC9CEB8-8B4A-11D0-8D11-00A0C91BC942}") = "Bai044", "Bai044\Bai044.vcxproj", "{60104056-E803-4B76-8FB8-9304437A3E60}"
EndProject
Project("{8BC9CEB8-8B4A-11D0-8D11-00A0C91BC942}") = "Bai045", "Bai045\Bai045.vcxproj", "{E6FFD456-B94C-4DD6-B6D2-97B30478CE77}"
EndProject
Project("{8BC9CEB8-8B4A-11D0-8D11-00A0C91BC942}") = "Bai046", "Bai046\Bai046.vcxproj", "{C879CD1C-166E-4799-8736-87AAC1421CE7}"
EndProject
Project("{8BC9CEB8-8B4A-11D0-8D11-00A0C91BC942}") = "Bai047", "Bai047\Bai047.vcxproj", "{D5321C55-21FE-4098-8893-C328E5138BD6}"
EndProject
Project("{8BC9CEB8-8B4A-11D0-8D11-00A0C91BC942}") = "Bai048", "Bai048\Bai048.vcxproj", "{95CB0937-67BB-4191-AB64-28347A32BF28}"
EndProject
Project("{8BC9CEB8-8B4A-11D0-8D11-00A0C91BC942}") = "Bai049", "Bai049\Bai049.vcxproj", "{F96E2183-AFC7-4D18-BB20-C397A55E84D0}"
EndProject
Project("{8BC9CEB8-8B4A-11D0-8D11-00A0C91BC942}") = "Bai050", "Bai050\Bai050.vcxproj", "{2F1B77A7-5E05-4FBA-8FBD-C7F4C0A2CA23}"
EndProject
Project("{8BC9CEB8-8B4A-11D0-8D11-00A0C91BC942}") = "Bai051", "Bai051\Bai051.vcxproj", "{22A77DD5-54D4-4BE9-B2AA-1C03DD6EC0D9}"
EndProject
Project("{8BC9CEB8-8B4A-11D0-8D11-00A0C91BC942}") = "Bai052", "Bai052\Bai052.vcxproj", "{354ECCA2-4ED8-44AA-AD8D-F0E54DB18C09}"
EndProject
Project("{8BC9CEB8-8B4A-11D0-8D11-00A0C91BC942}") = "Bai053", "Bai053\Bai053.vcxproj", "{5A46ED3D-7D93-4E66-93CA-923EB249D425}"
EndProject
Project("{8BC9CEB8-8B4A-11D0-8D11-00A0C91BC942}") = "Bai054", "Bai054\Bai054.vcxproj", "{B314145D-2759-4D8B-B78E-1BC79A8C103E}"
EndProject
Project("{8BC9CEB8-8B4A-11D0-8D11-00A0C91BC942}") = "Bai055", "Bai055\Bai055.vcxproj", "{E9D53317-BA2B-4B27-BF73-46142E533F30}"
EndProject
Project("{8BC9CEB8-8B4A-11D0-8D11-00A0C91BC942}") = "Bai056", "Bai056\Bai056.vcxproj", "{177A0602-8E57-49DD-A145-4D07D38EC0D8}"
EndProject
Project("{8BC9CEB8-8B4A-11D0-8D11-00A0C91BC942}") = "Bai057", "Bai057\Bai057.vcxproj", "{816481D4-1C09-4C7A-BC6E-0FFECD0AEA3E}"
EndProject
Project("{8BC9CEB8-8B4A-11D0-8D11-00A0C91BC942}") = "Bai058", "Bai058\Bai058.vcxproj", "{A03DF7F4-3407-4C9D-BF11-6C9564A50CCB}"
EndProject
Project("{8BC9CEB8-8B4A-11D0-8D11-00A0C91BC942}") = "Bai059", "Bai059\Bai059.vcxproj", "{41387083-A354-43FB-9B30-CBB9BDC6A780}"
EndProject
Project("{8BC9CEB8-8B4A-11D0-8D11-00A0C91BC942}") = "Bai060", "Bai060\Bai060.vcxproj", "{13E8D195-F374-4AC3-BAB9-16EF8919974E}"
EndProject
Project("{8BC9CEB8-8B4A-11D0-8D11-00A0C91BC942}") = "Bai061", "Bai061\Bai061.vcxproj", "{42AF8ED5-188C-4152-814C-86E971064E7F}"
EndProject
Project("{8BC9CEB8-8B4A-11D0-8D11-00A0C91BC942}") = "Bai062", "Bai062\Bai062.vcxproj", "{DF8FDC2A-E8AE-4021-9C1E-EB4B1A1182B2}"
EndProject
Project("{8BC9CEB8-8B4A-11D0-8D11-00A0C91BC942}") = "Bai063", "Bai063\Bai063.vcxproj", "{B5AAE46C-6023-4F78-8B5C-7A3D8DB63E32}"
EndProject
Project("{8BC9CEB8-8B4A-11D0-8D11-00A0C91BC942}") = "Bai064", "Bai064\Bai064.vcxproj", "{BE2B4CB9-91AD-4FCB-8FA1-B8D6B6689F5E}"
EndProject
Project("{8BC9CEB8-8B4A-11D0-8D11-00A0C91BC942}") = "Bai065", "Bai065\Bai065.vcxproj", "{16D806F8-F4CD-4C25-81D3-0469EBEB996D}"
EndProject
Project("{8BC9CEB8-8B4A-11D0-8D11-00A0C91BC942}") = "Bai066", "Bai066\Bai066.vcxproj", "{7421D88C-921D-4749-82B4-B761CBADB1BE}"
EndProject
Project("{8BC9CEB8-8B4A-11D0-8D11-00A0C91BC942}") = "Bai067", "Bai067\Bai067.vcxproj", "{20B070EB-ECF0-434B-B9F3-39AF1E538335}"
EndProject
Project("{8BC9CEB8-8B4A-11D0-8D11-00A0C91BC942}") = "Bai068", "Bai068\Bai068.vcxproj", "{5ECCEAB8-2E2C-4C53-8BEF-3BF1D009480C}"
EndProject
Project("{8BC9CEB8-8B4A-11D0-8D11-00A0C91BC942}") = "Bai069", "Bai069\Bai069.vcxproj", "{E25B01C1-1A20-4A31-85EE-77DF2EDF0545}"
EndProject
Project("{8BC9CEB8-8B4A-11D0-8D11-00A0C91BC942}") = "Bai070", "Bai070\Bai070.vcxproj", "{229A4CBA-EAF8-4470-8795-41E0F0304E93}"
EndProject
Project("{8BC9CEB8-8B4A-11D0-8D11-00A0C91BC942}") = "Bai071", "Bai071\Bai071.vcxproj", "{8B1E9E95-E0D0-4FF1-A232-032D252CEF0C}"
EndProject
Project("{8BC9CEB8-8B4A-11D0-8D11-00A0C91BC942}") = "Bai072", "Bai072\Bai072.vcxproj", "{98FB1677-9426-4D40-BCA2-9295CAB36078}"
EndProject
Project("{8BC9CEB8-8B4A-11D0-8D11-00A0C91BC942}") = "Bai073", "Bai073\Bai073.vcxproj", "{8B9BB319-B7B4-42AC-8E35-D19BA90F80F4}"
EndProject
Project("{8BC9CEB8-8B4A-11D0-8D11-00A0C91BC942}") = "Bai074", "Bai074\Bai074.vcxproj", "{32A78C47-A3A7-456D-93C1-3DF20EF291C1}"
EndProject
Project("{8BC9CEB8-8B4A-11D0-8D11-00A0C91BC942}") = "Bai075", "Bai075\Bai075.vcxproj", "{305AC470-E80B-440A-BC66-93CE126977D5}"
EndProject
Project("{8BC9CEB8-8B4A-11D0-8D11-00A0C91BC942}") = "Bai076", "Bai076\Bai076.vcxproj", "{BF3B26E7-A4BE-4AAF-A66F-B4DA2005D015}"
EndProject
Project("{8BC9CEB8-8B4A-11D0-8D11-00A0C91BC942}") = "Bai077", "Bai077\Bai077.vcxproj", "{A64326A2-52D4-491C-A9EB-57C12BB676E4}"
EndProject
Project("{8BC9CEB8-8B4A-11D0-8D11-00A0C91BC942}") = "Bai078", "Bai078\Bai078.vcxproj", "{3A021643-2005-462C-927B-60D0EA30BB45}"
EndProject
Project("{8BC9CEB8-8B4A-11D0-8D11-00A0C91BC942}") = "Bai079", "Bai079\Bai079.vcxproj", "{8235C371-0793-407C-96AA-49BFE26CAD8A}"
EndProject
Project("{8BC9CEB8-8B4A-11D0-8D11-00A0C91BC942}") = "Bai080", "Bai080\Bai080.vcxproj", "{2496E67E-4C70-45EE-ADB5-9FB9664B71C9}"
EndProject
Project("{8BC9CEB8-8B4A-11D0-8D11-00A0C91BC942}") = "Bai081", "Bai081\Bai081.vcxproj", "{A5BDF5EE-C074-4E47-983C-8DB728271A29}"
EndProject
Project("{8BC9CEB8-8B4A-11D0-8D11-00A0C91BC942}") = "Bai082", "Bai082\Bai082.vcxproj", "{4ADB47C5-EE19-4475-80EA-41DEFCF49B2F}"
EndProject
Project("{8BC9CEB8-8B4A-11D0-8D11-00A0C91BC942}") = "Bai083", "Bai083\Bai083.vcxproj", "{B1849D3A-B679-442D-88B0-F273D3505A3C}"
EndProject
Project("{8BC9CEB8-8B4A-11D0-8D11-00A0C91BC942}") = "Bai084", "Bai084\Bai084.vcxproj", "{991A23D1-9E59-45F9-9549-1C9CE6384FD5}"
EndProject
Project("{8BC9CEB8-8B4A-11D0-8D11-00A0C91BC942}") = "Bai085", "Bai085\Bai085.vcxproj", "{1F393CE8-1A9C-4E24-9A20-D4D426A5DC15}"
EndProject
Project("{8BC9CEB8-8B4A-11D0-8D11-00A0C91BC942}") = "Bai086", "Bai086\Bai086.vcxproj", "{C0FE739E-26AD-440F-A31A-C6522AFAE266}"
EndProject
Project("{8BC9CEB8-8B4A-11D0-8D11-00A0C91BC942}") = "Bai087", "Bai087\Bai087.vcxproj", "{6C3EE4F8-5755-47FF-A5DD-1F9108DDE2E8}"
EndProject
Project("{8BC9CEB8-8B4A-11D0-8D11-00A0C91BC942}") = "Bai088", "Bai088\Bai088.vcxproj", "{14FC95D6-8493-409F-9F37-4415F21121FD}"
EndProject
Project("{8BC9CEB8-8B4A-11D0-8D11-00A0C91BC942}") = "Bai089", "Bai089\Bai089.vcxproj", "{F02028EC-F35B-4B59-AE87-786A4A34A937}"
EndProject
Project("{8BC9CEB8-8B4A-11D0-8D11-00A0C91BC942}") = "Bai090", "Bai090\Bai090.vcxproj", "{365AA3A4-75F1-47D2-8A84-20522E728560}"
EndProject
Project("{8BC9CEB8-8B4A-11D0-8D11-00A0C91BC942}") = "Bai091", "Bai091\Bai091.vcxproj", "{CFD49230-D262-4040-BEB2-FF4801DD4CCE}"
EndProject
Project("{8BC9CEB8-8B4A-11D0-8D11-00A0C91BC942}") = "Bai092", "Bai092\Bai092.vcxproj", "{D9587670-E697-4D2E-B5C2-D9D07B0BA772}"
EndProject
Project("{8BC9CEB8-8B4A-11D0-8D11-00A0C91BC942}") = "Bai093", "Bai093\Bai093.vcxproj", "{94FF17C8-1EF7-4367-9E4F-28FD828155E6}"
EndProject
Project("{8BC9CEB8-8B4A-11D0-8D11-00A0C91BC942}") = "Bai094", "Bai094\Bai094.vcxproj", "{1BABB643-F384-4934-9E47-0AB359F07353}"
EndProject
Project("{8BC9CEB8-8B4A-11D0-8D11-00A0C91BC942}") = "Bai095", "Bai095\Bai095.vcxproj", "{F394DF60-E5C2-40D8-B065-55493B44F06B}"
EndProject
Project("{8BC9CEB8-8B4A-11D0-8D11-00A0C91BC942}") = "Bai096", "Bai096\Bai096.vcxproj", "{6B24DA6A-6168-4E52-8091-0D172245513D}"
EndProject
Project("{8BC9CEB8-8B4A-11D0-8D11-00A0C91BC942}") = "Bai097", "Bai097\Bai097.vcxproj", "{503C8AF0-BEB0-41F1-A77E-D56F1454ABAA}"
EndProject
Project("{8BC9CEB8-8B4A-11D0-8D11-00A0C91BC942}") = "Bai098", "Bai098\Bai098.vcxproj", "{57C99CAC-774E-49DA-9F73-C2205EB0FA3A}"
EndProject
Project("{8BC9CEB8-8B4A-11D0-8D11-00A0C91BC942}") = "Bai099", "Bai099\Bai099.vcxproj", "{06B5AB07-66C5-491B-B013-289BC620EC6A}"
EndProject
Project("{8BC9CEB8-8B4A-11D0-8D11-00A0C91BC942}") = "Bai100", "Bai100\Bai100.vcxproj", "{108EC738-B87F-4252-9951-05BF8D0FD706}"
EndProject
Project("{8BC9CEB8-8B4A-11D0-8D11-00A0C91BC942}") = "Bai101", "Bai101\Bai101.vcxproj", "{FC861DEA-FE71-49DC-82E5-518ADC6DE040}"
EndProject
Project("{8BC9CEB8-8B4A-11D0-8D11-00A0C91BC942}") = "Bai103", "Bai103\Bai103.vcxproj", "{1836D262-21A9-4058-80FA-140206D9953B}"
EndProject
Project("{8BC9CEB8-8B4A-11D0-8D11-00A0C91BC942}") = "Bai104", "Bai104\Bai104.vcxproj", "{41723B74-B07B-41BD-8F7D-52D4EE0D01B8}"
EndProject
Project("{8BC9CEB8-8B4A-11D0-8D11-00A0C91BC942}") = "Bai105", "Bai105\Bai105.vcxproj", "{4CE51709-938C-4503-AA63-FAB463C18530}"
EndProject
Project("{8BC9CEB8-8B4A-11D0-8D11-00A0C91BC942}") = "Bai106", "Bai106\Bai106.vcxproj", "{580E179A-F173-49F5-88DC-DF6C2C2E1C28}"
EndProject
Project("{8BC9CEB8-8B4A-11D0-8D11-00A0C91BC942}") = "Bai107", "Bai107\Bai107.vcxproj", "{CF2D1B65-EA4A-4929-9005-55A6B3016E75}"
EndProject
Project("{8BC9CEB8-8B4A-11D0-8D11-00A0C91BC942}") = "Bai108", "Bai108\Bai108.vcxproj", "{6E03400E-BD06-4254-B03E-E4AF314D8B67}"
EndProject
Project("{8BC9CEB8-8B4A-11D0-8D11-00A0C91BC942}") = "Bai109", "Bai109\Bai109.vcxproj", "{0C49BF7F-9722-45EF-B2E6-8AC43EF38CD6}"
EndProject
Project("{8BC9CEB8-8B4A-11D0-8D11-00A0C91BC942}") = "Bai110", "Bai110\Bai110.vcxproj", "{3C1FB441-C859-4442-B1BB-88221BAEAE94}"
EndProject
Project("{8BC9CEB8-8B4A-11D0-8D11-00A0C91BC942}") = "Bai112", "Bai112\Bai112.vcxproj", "{8F41C37F-A3D0-44F9-A724-AE39F3616F02}"
EndProject
Project("{8BC9CEB8-8B4A-11D0-8D11-00A0C91BC942}") = "Bai111", "Bai111\Bai111.vcxproj", "{2A3A11D8-382A-4ECF-B9A7-0234F1EAA673}"
EndProject
Global
	GlobalSection(SolutionConfigurationPlatforms) = preSolution
		Debug|x64 = Debug|x64
		Debug|x86 = Debug|x86
		Release|x64 = Release|x64
		Release|x86 = Release|x86
	EndGlobalSection
	GlobalSection(ProjectConfigurationPlatforms) = postSolution
		{B36332B3-28A1-4F31-9EB5-4AC719399FEF}.Debug|x64.ActiveCfg = Debug|x64
		{B36332B3-28A1-4F31-9EB5-4AC719399FEF}.Debug|x64.Build.0 = Debug|x64
		{B36332B3-28A1-4F31-9EB5-4AC719399FEF}.Debug|x86.ActiveCfg = Debug|Win32
		{B36332B3-28A1-4F31-9EB5-4AC719399FEF}.Debug|x86.Build.0 = Debug|Win32
		{B36332B3-28A1-4F31-9EB5-4AC719399FEF}.Release|x64.ActiveCfg = Release|x64
		{B36332B3-28A1-4F31-9EB5-4AC719399FEF}.Release|x64.Build.0 = Release|x64
		{B36332B3-28A1-4F31-9EB5-4AC719399FEF}.Release|x86.ActiveCfg = Release|Win32
		{B36332B3-28A1-4F31-9EB5-4AC719399FEF}.Release|x86.Build.0 = Release|Win32
		{9E329EBF-C7F7-4F43-BDE9-A448074E7C1B}.Debug|x64.ActiveCfg = Debug|x64
		{9E329EBF-C7F7-4F43-BDE9-A448074E7C1B}.Debug|x64.Build.0 = Debug|x64
		{9E329EBF-C7F7-4F43-BDE9-A448074E7C1B}.Debug|x86.ActiveCfg = Debug|Win32
		{9E329EBF-C7F7-4F43-BDE9-A448074E7C1B}.Debug|x86.Build.0 = Debug|Win32
		{9E329EBF-C7F7-4F43-BDE9-A448074E7C1B}.Release|x64.ActiveCfg = Release|x64
		{9E329EBF-C7F7-4F43-BDE9-A448074E7C1B}.Release|x64.Build.0 = Release|x64
		{9E329EBF-C7F7-4F43-BDE9-A448074E7C1B}.Release|x86.ActiveCfg = Release|Win32
		{9E329EBF-C7F7-4F43-BDE9-A448074E7C1B}.Release|x86.Build.0 = Release|Win32
		{E20BEA1C-9447-4FCF-872D-AD50B35A6AA4}.Debug|x64.ActiveCfg = Debug|x64
		{E20BEA1C-9447-4FCF-872D-AD50B35A6AA4}.Debug|x64.Build.0 = Debug|x64
		{E20BEA1C-9447-4FCF-872D-AD50B35A6AA4}.Debug|x86.ActiveCfg = Debug|Win32
		{E20BEA1C-9447-4FCF-872D-AD50B35A6AA4}.Debug|x86.Build.0 = Debug|Win32
		{E20BEA1C-9447-4FCF-872D-AD50B35A6AA4}.Release|x64.ActiveCfg = Release|x64
		{E20BEA1C-9447-4FCF-872D-AD50B35A6AA4}.Release|x64.Build.0 = Release|x64
		{E20BEA1C-9447-4FCF-872D-AD50B35A6AA4}.Release|x86.ActiveCfg = Release|Win32
		{E20BEA1C-9447-4FCF-872D-AD50B35A6AA4}.Release|x86.Build.0 = Release|Win32
		{A5593B49-2031-4BF8-94BE-CFE497931F9E}.Debug|x64.ActiveCfg = Debug|x64
		{A5593B49-2031-4BF8-94BE-CFE497931F9E}.Debug|x64.Build.0 = Debug|x64
		{A5593B49-2031-4BF8-94BE-CFE497931F9E}.Debug|x86.ActiveCfg = Debug|Win32
		{A5593B49-2031-4BF8-94BE-CFE497931F9E}.Debug|x86.Build.0 = Debug|Win32
		{A5593B49-2031-4BF8-94BE-CFE497931F9E}.Release|x64.ActiveCfg = Release|x64
		{A5593B49-2031-4BF8-94BE-CFE497931F9E}.Release|x64.Build.0 = Release|x64
		{A5593B49-2031-4BF8-94BE-CFE497931F9E}.Release|x86.ActiveCfg = Release|Win32
		{A5593B49-2031-4BF8-94BE-CFE497931F9E}.Release|x86.Build.0 = Release|Win32
		{20283008-DDAF-476E-AEFD-0B0A23B2C636}.Debug|x64.ActiveCfg = Debug|x64
		{20283008-DDAF-476E-AEFD-0B0A23B2C636}.Debug|x64.Build.0 = Debug|x64
		{20283008-DDAF-476E-AEFD-0B0A23B2C636}.Debug|x86.ActiveCfg = Debug|Win32
		{20283008-DDAF-476E-AEFD-0B0A23B2C636}.Debug|x86.Build.0 = Debug|Win32
		{20283008-DDAF-476E-AEFD-0B0A23B2C636}.Release|x64.ActiveCfg = Release|x64
		{20283008-DDAF-476E-AEFD-0B0A23B2C636}.Release|x64.Build.0 = Release|x64
		{20283008-DDAF-476E-AEFD-0B0A23B2C636}.Release|x86.ActiveCfg = Release|Win32
		{20283008-DDAF-476E-AEFD-0B0A23B2C636}.Release|x86.Build.0 = Release|Win32
		{4E51DFA5-71FD-41D5-98AB-44AFACFFB732}.Debug|x64.ActiveCfg = Debug|x64
		{4E51DFA5-71FD-41D5-98AB-44AFACFFB732}.Debug|x64.Build.0 = Debug|x64
		{4E51DFA5-71FD-41D5-98AB-44AFACFFB732}.Debug|x86.ActiveCfg = Debug|Win32
		{4E51DFA5-71FD-41D5-98AB-44AFACFFB732}.Debug|x86.Build.0 = Debug|Win32
		{4E51DFA5-71FD-41D5-98AB-44AFACFFB732}.Release|x64.ActiveCfg = Release|x64
		{4E51DFA5-71FD-41D5-98AB-44AFACFFB732}.Release|x64.Build.0 = Release|x64
		{4E51DFA5-71FD-41D5-98AB-44AFACFFB732}.Release|x86.ActiveCfg = Release|Win32
		{4E51DFA5-71FD-41D5-98AB-44AFACFFB732}.Release|x86.Build.0 = Release|Win32
		{0E4A5A7F-4E75-4C3A-A3D6-95DD989B4C8E}.Debug|x64.ActiveCfg = Debug|x64
		{0E4A5A7F-4E75-4C3A-A3D6-95DD989B4C8E}.Debug|x64.Build.0 = Debug|x64
		{0E4A5A7F-4E75-4C3A-A3D6-95DD989B4C8E}.Debug|x86.ActiveCfg = Debug|Win32
		{0E4A5A7F-4E75-4C3A-A3D6-95DD989B4C8E}.Debug|x86.Build.0 = Debug|Win32
		{0E4A5A7F-4E75-4C3A-A3D6-95DD989B4C8E}.Release|x64.ActiveCfg = Release|x64
		{0E4A5A7F-4E75-4C3A-A3D6-95DD989B4C8E}.Release|x64.Build.0 = Release|x64
		{0E4A5A7F-4E75-4C3A-A3D6-95DD989B4C8E}.Release|x86.ActiveCfg = Release|Win32
		{0E4A5A7F-4E75-4C3A-A3D6-95DD989B4C8E}.Release|x86.Build.0 = Release|Win32
		{5A03ACBE-24DD-43D8-872D-9AD333CC1B26}.Debug|x64.ActiveCfg = Debug|x64
		{5A03ACBE-24DD-43D8-872D-9AD333CC1B26}.Debug|x64.Build.0 = Debug|x64
		{5A03ACBE-24DD-43D8-872D-9AD333CC1B26}.Debug|x86.ActiveCfg = Debug|Win32
		{5A03ACBE-24DD-43D8-872D-9AD333CC1B26}.Debug|x86.Build.0 = Debug|Win32
		{5A03ACBE-24DD-43D8-872D-9AD333CC1B26}.Release|x64.ActiveCfg = Release|x64
		{5A03ACBE-24DD-43D8-872D-9AD333CC1B26}.Release|x64.Build.0 = Release|x64
		{5A03ACBE-24DD-43D8-872D-9AD333CC1B26}.Release|x86.ActiveCfg = Release|Win32
		{5A03ACBE-24DD-43D8-872D-9AD333CC1B26}.Release|x86.Build.0 = Release|Win32
		{742157F1-EC9B-48A1-B28C-BBA90B115B9E}.Debug|x64.ActiveCfg = Debug|x64
		{742157F1-EC9B-48A1-B28C-BBA90B115B9E}.Debug|x64.Build.0 = Debug|x64
		{742157F1-EC9B-48A1-B28C-BBA90B115B9E}.Debug|x86.ActiveCfg = Debug|Win32
		{742157F1-EC9B-48A1-B28C-BBA90B115B9E}.Debug|x86.Build.0 = Debug|Win32
		{742157F1-EC9B-48A1-B28C-BBA90B115B9E}.Release|x64.ActiveCfg = Release|x64
		{742157F1-EC9B-48A1-B28C-BBA90B115B9E}.Release|x64.Build.0 = Release|x64
		{742157F1-EC9B-48A1-B28C-BBA90B115B9E}.Release|x86.ActiveCfg = Release|Win32
		{742157F1-EC9B-48A1-B28C-BBA90B115B9E}.Release|x86.Build.0 = Release|Win32
		{01698E7A-81B2-407F-A8D6-DF8AAB6A6514}.Debug|x64.ActiveCfg = Debug|x64
		{01698E7A-81B2-407F-A8D6-DF8AAB6A6514}.Debug|x64.Build.0 = Debug|x64
		{01698E7A-81B2-407F-A8D6-DF8AAB6A6514}.Debug|x86.ActiveCfg = Debug|Win32
		{01698E7A-81B2-407F-A8D6-DF8AAB6A6514}.Debug|x86.Build.0 = Debug|Win32
		{01698E7A-81B2-407F-A8D6-DF8AAB6A6514}.Release|x64.ActiveCfg = Release|x64
		{01698E7A-81B2-407F-A8D6-DF8AAB6A6514}.Release|x64.Build.0 = Release|x64
		{01698E7A-81B2-407F-A8D6-DF8AAB6A6514}.Release|x86.ActiveCfg = Release|Win32
		{01698E7A-81B2-407F-A8D6-DF8AAB6A6514}.Release|x86.Build.0 = Release|Win32
		{220F6F26-9468-40D2-A112-BA32AE82055C}.Debug|x64.ActiveCfg = Debug|x64
		{220F6F26-9468-40D2-A112-BA32AE82055C}.Debug|x64.Build.0 = Debug|x64
		{220F6F26-9468-40D2-A112-BA32AE82055C}.Debug|x86.ActiveCfg = Debug|Win32
		{220F6F26-9468-40D2-A112-BA32AE82055C}.Debug|x86.Build.0 = Debug|Win32
		{220F6F26-9468-40D2-A112-BA32AE82055C}.Release|x64.ActiveCfg = Release|x64
		{220F6F26-9468-40D2-A112-BA32AE82055C}.Release|x64.Build.0 = Release|x64
		{220F6F26-9468-40D2-A112-BA32AE82055C}.Release|x86.ActiveCfg = Release|Win32
		{220F6F26-9468-40D2-A112-BA32AE82055C}.Release|x86.Build.0 = Release|Win32
		{C1F7FAAD-4AF1-4593-8977-A51BD4002BA5}.Debug|x64.ActiveCfg = Debug|x64
		{C1F7FAAD-4AF1-4593-8977-A51BD4002BA5}.Debug|x64.Build.0 = Debug|x64
		{C1F7FAAD-4AF1-4593-8977-A51BD4002BA5}.Debug|x86.ActiveCfg = Debug|Win32
		{C1F7FAAD-4AF1-4593-8977-A51BD4002BA5}.Debug|x86.Build.0 = Debug|Win32
		{C1F7FAAD-4AF1-4593-8977-A51BD4002BA5}.Release|x64.ActiveCfg = Release|x64
		{C1F7FAAD-4AF1-4593-8977-A51BD4002BA5}.Release|x64.Build.0 = Release|x64
		{C1F7FAAD-4AF1-4593-8977-A51BD4002BA5}.Release|x86.ActiveCfg = Release|Win32
		{C1F7FAAD-4AF1-4593-8977-A51BD4002BA5}.Release|x86.Build.0 = Release|Win32
		{DF603F9D-D6EB-48D3-A944-9529B9482DF8}.Debug|x64.ActiveCfg = Debug|x64
		{DF603F9D-D6EB-48D3-A944-9529B9482DF8}.Debug|x64.Build.0 = Debug|x64
		{DF603F9D-D6EB-48D3-A944-9529B9482DF8}.Debug|x86.ActiveCfg = Debug|Win32
		{DF603F9D-D6EB-48D3-A944-9529B9482DF8}.Debug|x86.Build.0 = Debug|Win32
		{DF603F9D-D6EB-48D3-A944-9529B9482DF8}.Release|x64.ActiveCfg = Release|x64
		{DF603F9D-D6EB-48D3-A944-9529B9482DF8}.Release|x64.Build.0 = Release|x64
		{DF603F9D-D6EB-48D3-A944-9529B9482DF8}.Release|x86.ActiveCfg = Release|Win32
		{DF603F9D-D6EB-48D3-A944-9529B9482DF8}.Release|x86.Build.0 = Release|Win32
		{C1F008D0-9660-472C-8C6C-DA9581DD31BE}.Debug|x64.ActiveCfg = Debug|x64
		{C1F008D0-9660-472C-8C6C-DA9581DD31BE}.Debug|x64.Build.0 = Debug|x64
		{C1F008D0-9660-472C-8C6C-DA9581DD31BE}.Debug|x86.ActiveCfg = Debug|Win32
		{C1F008D0-9660-472C-8C6C-DA9581DD31BE}.Debug|x86.Build.0 = Debug|Win32
		{C1F008D0-9660-472C-8C6C-DA9581DD31BE}.Release|x64.ActiveCfg = Release|x64
		{C1F008D0-9660-472C-8C6C-DA9581DD31BE}.Release|x64.Build.0 = Release|x64
		{C1F008D0-9660-472C-8C6C-DA9581DD31BE}.Release|x86.ActiveCfg = Release|Win32
		{C1F008D0-9660-472C-8C6C-DA9581DD31BE}.Release|x86.Build.0 = Release|Win32
		{0193BFDA-819E-4F6E-8E4F-A7F989AAB8D3}.Debug|x64.ActiveCfg = Debug|x64
		{0193BFDA-819E-4F6E-8E4F-A7F989AAB8D3}.Debug|x64.Build.0 = Debug|x64
		{0193BFDA-819E-4F6E-8E4F-A7F989AAB8D3}.Debug|x86.ActiveCfg = Debug|Win32
		{0193BFDA-819E-4F6E-8E4F-A7F989AAB8D3}.Debug|x86.Build.0 = Debug|Win32
		{0193BFDA-819E-4F6E-8E4F-A7F989AAB8D3}.Release|x64.ActiveCfg = Release|x64
		{0193BFDA-819E-4F6E-8E4F-A7F989AAB8D3}.Release|x64.Build.0 = Release|x64
		{0193BFDA-819E-4F6E-8E4F-A7F989AAB8D3}.Release|x86.ActiveCfg = Release|Win32
		{0193BFDA-819E-4F6E-8E4F-A7F989AAB8D3}.Release|x86.Build.0 = Release|Win32
		{AED33158-B0DD-4442-93EF-BB57E6E64752}.Debug|x64.ActiveCfg = Debug|x64
		{AED33158-B0DD-4442-93EF-BB57E6E64752}.Debug|x64.Build.0 = Debug|x64
		{AED33158-B0DD-4442-93EF-BB57E6E64752}.Debug|x86.ActiveCfg = Debug|Win32
		{AED33158-B0DD-4442-93EF-BB57E6E64752}.Debug|x86.Build.0 = Debug|Win32
		{AED33158-B0DD-4442-93EF-BB57E6E64752}.Release|x64.ActiveCfg = Release|x64
		{AED33158-B0DD-4442-93EF-BB57E6E64752}.Release|x64.Build.0 = Release|x64
		{AED33158-B0DD-4442-93EF-BB57E6E64752}.Release|x86.ActiveCfg = Release|Win32
		{AED33158-B0DD-4442-93EF-BB57E6E64752}.Release|x86.Build.0 = Release|Win32
		{313D22BD-1F15-4B59-8366-FFBEC080F424}.Debug|x64.ActiveCfg = Debug|x64
		{313D22BD-1F15-4B59-8366-FFBEC080F424}.Debug|x64.Build.0 = Debug|x64
		{313D22BD-1F15-4B59-8366-FFBEC080F424}.Debug|x86.ActiveCfg = Debug|Win32
		{313D22BD-1F15-4B59-8366-FFBEC080F424}.Debug|x86.Build.0 = Debug|Win32
		{313D22BD-1F15-4B59-8366-FFBEC080F424}.Release|x64.ActiveCfg = Release|x64
		{313D22BD-1F15-4B59-8366-FFBEC080F424}.Release|x64.Build.0 = Release|x64
		{313D22BD-1F15-4B59-8366-FFBEC080F424}.Release|x86.ActiveCfg = Release|Win32
		{313D22BD-1F15-4B59-8366-FFBEC080F424}.Release|x86.Build.0 = Release|Win32
		{DA4B39BE-5043-4173-9ECC-1209EB80EEF3}.Debug|x64.ActiveCfg = Debug|x64
		{DA4B39BE-5043-4173-9ECC-1209EB80EEF3}.Debug|x64.Build.0 = Debug|x64
		{DA4B39BE-5043-4173-9ECC-1209EB80EEF3}.Debug|x86.ActiveCfg = Debug|Win32
		{DA4B39BE-5043-4173-9ECC-1209EB80EEF3}.Debug|x86.Build.0 = Debug|Win32
		{DA4B39BE-5043-4173-9ECC-1209EB80EEF3}.Release|x64.ActiveCfg = Release|x64
		{DA4B39BE-5043-4173-9ECC-1209EB80EEF3}.Release|x64.Build.0 = Release|x64
		{DA4B39BE-5043-4173-9ECC-1209EB80EEF3}.Release|x86.ActiveCfg = Release|Win32
		{DA4B39BE-5043-4173-9ECC-1209EB80EEF3}.Release|x86.Build.0 = Release|Win32
		{D649905B-FB4C-447A-8166-F1C6E1E1697C}.Debug|x64.ActiveCfg = Debug|x64
		{D649905B-FB4C-447A-8166-F1C6E1E1697C}.Debug|x64.Build.0 = Debug|x64
		{D649905B-FB4C-447A-8166-F1C6E1E1697C}.Debug|x86.ActiveCfg = Debug|Win32
		{D649905B-FB4C-447A-8166-F1C6E1E1697C}.Debug|x86.Build.0 = Debug|Win32
		{D649905B-FB4C-447A-8166-F1C6E1E1697C}.Release|x64.ActiveCfg = Release|x64
		{D649905B-FB4C-447A-8166-F1C6E1E1697C}.Release|x64.Build.0 = Release|x64
		{D649905B-FB4C-447A-8166-F1C6E1E1697C}.Release|x86.ActiveCfg = Release|Win32
		{D649905B-FB4C-447A-8166-F1C6E1E1697C}.Release|x86.Build.0 = Release|Win32
		{F6D13549-4A87-4012-B9C4-229AAFE1030E}.Debug|x64.ActiveCfg = Debug|x64
		{F6D13549-4A87-4012-B9C4-229AAFE1030E}.Debug|x64.Build.0 = Debug|x64
		{F6D13549-4A87-4012-B9C4-229AAFE1030E}.Debug|x86.ActiveCfg = Debug|Win32
		{F6D13549-4A87-4012-B9C4-229AAFE1030E}.Debug|x86.Build.0 = Debug|Win32
		{F6D13549-4A87-4012-B9C4-229AAFE1030E}.Release|x64.ActiveCfg = Release|x64
		{F6D13549-4A87-4012-B9C4-229AAFE1030E}.Release|x64.Build.0 = Release|x64
		{F6D13549-4A87-4012-B9C4-229AAFE1030E}.Release|x86.ActiveCfg = Release|Win32
		{F6D13549-4A87-4012-B9C4-229AAFE1030E}.Release|x86.Build.0 = Release|Win32
		{19263E81-0CBF-4FB5-9068-7BFC274E2DFA}.Debug|x64.ActiveCfg = Debug|x64
		{19263E81-0CBF-4FB5-9068-7BFC274E2DFA}.Debug|x64.Build.0 = Debug|x64
		{19263E81-0CBF-4FB5-9068-7BFC274E2DFA}.Debug|x86.ActiveCfg = Debug|Win32
		{19263E81-0CBF-4FB5-9068-7BFC274E2DFA}.Debug|x86.Build.0 = Debug|Win32
		{19263E81-0CBF-4FB5-9068-7BFC274E2DFA}.Release|x64.ActiveCfg = Release|x64
		{19263E81-0CBF-4FB5-9068-7BFC274E2DFA}.Release|x64.Build.0 = Release|x64
		{19263E81-0CBF-4FB5-9068-7BFC274E2DFA}.Release|x86.ActiveCfg = Release|Win32
		{19263E81-0CBF-4FB5-9068-7BFC274E2DFA}.Release|x86.Build.0 = Release|Win32
		{1FFFD0A6-AEA9-4D88-BA48-526910961F05}.Debug|x64.ActiveCfg = Debug|x64
		{1FFFD0A6-AEA9-4D88-BA48-526910961F05}.Debug|x64.Build.0 = Debug|x64
		{1FFFD0A6-AEA9-4D88-BA48-526910961F05}.Debug|x86.ActiveCfg = Debug|Win32
		{1FFFD0A6-AEA9-4D88-BA48-526910961F05}.Debug|x86.Build.0 = Debug|Win32
		{1FFFD0A6-AEA9-4D88-BA48-526910961F05}.Release|x64.ActiveCfg = Release|x64
		{1FFFD0A6-AEA9-4D88-BA48-526910961F05}.Release|x64.Build.0 = Release|x64
		{1FFFD0A6-AEA9-4D88-BA48-526910961F05}.Release|x86.ActiveCfg = Release|Win32
		{1FFFD0A6-AEA9-4D88-BA48-526910961F05}.Release|x86.Build.0 = Release|Win32
		{1C1E9128-EEA7-4D50-A990-6521D9F8DE91}.Debug|x64.ActiveCfg = Debug|x64
		{1C1E9128-EEA7-4D50-A990-6521D9F8DE91}.Debug|x64.Build.0 = Debug|x64
		{1C1E9128-EEA7-4D50-A990-6521D9F8DE91}.Debug|x86.ActiveCfg = Debug|Win32
		{1C1E9128-EEA7-4D50-A990-6521D9F8DE91}.Debug|x86.Build.0 = Debug|Win32
		{1C1E9128-EEA7-4D50-A990-6521D9F8DE91}.Release|x64.ActiveCfg = Release|x64
		{1C1E9128-EEA7-4D50-A990-6521D9F8DE91}.Release|x64.Build.0 = Release|x64
		{1C1E9128-EEA7-4D50-A990-6521D9F8DE91}.Release|x86.ActiveCfg = Release|Win32
		{1C1E9128-EEA7-4D50-A990-6521D9F8DE91}.Release|x86.Build.0 = Release|Win32
		{ADEA8C35-FFB1-42CB-9F24-6B2AA17A6B8F}.Debug|x64.ActiveCfg = Debug|x64
		{ADEA8C35-FFB1-42CB-9F24-6B2AA17A6B8F}.Debug|x64.Build.0 = Debug|x64
		{ADEA8C35-FFB1-42CB-9F24-6B2AA17A6B8F}.Debug|x86.ActiveCfg = Debug|Win32
		{ADEA8C35-FFB1-42CB-9F24-6B2AA17A6B8F}.Debug|x86.Build.0 = Debug|Win32
		{ADEA8C35-FFB1-42CB-9F24-6B2AA17A6B8F}.Release|x64.ActiveCfg = Release|x64
		{ADEA8C35-FFB1-42CB-9F24-6B2AA17A6B8F}.Release|x64.Build.0 = Release|x64
		{ADEA8C35-FFB1-42CB-9F24-6B2AA17A6B8F}.Release|x86.ActiveCfg = Release|Win32
		{ADEA8C35-FFB1-42CB-9F24-6B2AA17A6B8F}.Release|x86.Build.0 = Release|Win32
		{511B38D1-F72F-4245-AC18-54C3C76B10C2}.Debug|x64.ActiveCfg = Debug|x64
		{511B38D1-F72F-4245-AC18-54C3C76B10C2}.Debug|x64.Build.0 = Debug|x64
		{511B38D1-F72F-4245-AC18-54C3C76B10C2}.Debug|x86.ActiveCfg = Debug|Win32
		{511B38D1-F72F-4245-AC18-54C3C76B10C2}.Debug|x86.Build.0 = Debug|Win32
		{511B38D1-F72F-4245-AC18-54C3C76B10C2}.Release|x64.ActiveCfg = Release|x64
		{511B38D1-F72F-4245-AC18-54C3C76B10C2}.Release|x64.Build.0 = Release|x64
		{511B38D1-F72F-4245-AC18-54C3C76B10C2}.Release|x86.ActiveCfg = Release|Win32
		{511B38D1-F72F-4245-AC18-54C3C76B10C2}.Release|x86.Build.0 = Release|Win32
		{A29FFF61-7746-43DE-92F6-57DDFA005617}.Debug|x64.ActiveCfg = Debug|x64
		{A29FFF61-7746-43DE-92F6-57DDFA005617}.Debug|x64.Build.0 = Debug|x64
		{A29FFF61-7746-43DE-92F6-57DDFA005617}.Debug|x86.ActiveCfg = Debug|Win32
		{A29FFF61-7746-43DE-92F6-57DDFA005617}.Debug|x86.Build.0 = Debug|Win32
		{A29FFF61-7746-43DE-92F6-57DDFA005617}.Release|x64.ActiveCfg = Release|x64
		{A29FFF61-7746-43DE-92F6-57DDFA005617}.Release|x64.Build.0 = Release|x64
		{A29FFF61-7746-43DE-92F6-57DDFA005617}.Release|x86.ActiveCfg = Release|Win32
		{A29FFF61-7746-43DE-92F6-57DDFA005617}.Release|x86.Build.0 = Release|Win32
		{D62B9FBD-155F-461D-AA0F-10295F1AC42B}.Debug|x64.ActiveCfg = Debug|x64
		{D62B9FBD-155F-461D-AA0F-10295F1AC42B}.Debug|x64.Build.0 = Debug|x64
		{D62B9FBD-155F-461D-AA0F-10295F1AC42B}.Debug|x86.ActiveCfg = Debug|Win32
		{D62B9FBD-155F-461D-AA0F-10295F1AC42B}.Debug|x86.Build.0 = Debug|Win32
		{D62B9FBD-155F-461D-AA0F-10295F1AC42B}.Release|x64.ActiveCfg = Release|x64
		{D62B9FBD-155F-461D-AA0F-10295F1AC42B}.Release|x64.Build.0 = Release|x64
		{D62B9FBD-155F-461D-AA0F-10295F1AC42B}.Release|x86.ActiveCfg = Release|Win32
		{D62B9FBD-155F-461D-AA0F-10295F1AC42B}.Release|x86.Build.0 = Release|Win32
		{5055F5F8-A62E-4637-A9B4-5D898A0B043F}.Debug|x64.ActiveCfg = Debug|x64
		{5055F5F8-A62E-4637-A9B4-5D898A0B043F}.Debug|x64.Build.0 = Debug|x64
		{5055F5F8-A62E-4637-A9B4-5D898A0B043F}.Debug|x86.ActiveCfg = Debug|Win32
		{5055F5F8-A62E-4637-A9B4-5D898A0B043F}.Debug|x86.Build.0 = Debug|Win32
		{5055F5F8-A62E-4637-A9B4-5D898A0B043F}.Release|x64.ActiveCfg = Release|x64
		{5055F5F8-A62E-4637-A9B4-5D898A0B043F}.Release|x64.Build.0 = Release|x64
		{5055F5F8-A62E-4637-A9B4-5D898A0B043F}.Release|x86.ActiveCfg = Release|Win32
		{5055F5F8-A62E-4637-A9B4-5D898A0B043F}.Release|x86.Build.0 = Release|Win32
		{1FC67DBE-C592-4839-9A42-186F4C84BAB1}.Debug|x64.ActiveCfg = Debug|x64
		{1FC67DBE-C592-4839-9A42-186F4C84BAB1}.Debug|x64.Build.0 = Debug|x64
		{1FC67DBE-C592-4839-9A42-186F4C84BAB1}.Debug|x86.ActiveCfg = Debug|Win32
		{1FC67DBE-C592-4839-9A42-186F4C84BAB1}.Debug|x86.Build.0 = Debug|Win32
		{1FC67DBE-C592-4839-9A42-186F4C84BAB1}.Release|x64.ActiveCfg = Release|x64
		{1FC67DBE-C592-4839-9A42-186F4C84BAB1}.Release|x64.Build.0 = Release|x64
		{1FC67DBE-C592-4839-9A42-186F4C84BAB1}.Release|x86.ActiveCfg = Release|Win32
		{1FC67DBE-C592-4839-9A42-186F4C84BAB1}.Release|x86.Build.0 = Release|Win32
		{BC188BAC-F592-431A-982A-37DCC2D61BFD}.Debug|x64.ActiveCfg = Debug|x64
		{BC188BAC-F592-431A-982A-37DCC2D61BFD}.Debug|x64.Build.0 = Debug|x64
		{BC188BAC-F592-431A-982A-37DCC2D61BFD}.Debug|x86.ActiveCfg = Debug|Win32
		{BC188BAC-F592-431A-982A-37DCC2D61BFD}.Debug|x86.Build.0 = Debug|Win32
		{BC188BAC-F592-431A-982A-37DCC2D61BFD}.Release|x64.ActiveCfg = Release|x64
		{BC188BAC-F592-431A-982A-37DCC2D61BFD}.Release|x64.Build.0 = Release|x64
		{BC188BAC-F592-431A-982A-37DCC2D61BFD}.Release|x86.ActiveCfg = Release|Win32
		{BC188BAC-F592-431A-982A-37DCC2D61BFD}.Release|x86.Build.0 = Release|Win32
		{A0CB7395-9BDB-45B8-A7E1-4BA5DC42DD22}.Debug|x64.ActiveCfg = Debug|x64
		{A0CB7395-9BDB-45B8-A7E1-4BA5DC42DD22}.Debug|x64.Build.0 = Debug|x64
		{A0CB7395-9BDB-45B8-A7E1-4BA5DC42DD22}.Debug|x86.ActiveCfg = Debug|Win32
		{A0CB7395-9BDB-45B8-A7E1-4BA5DC42DD22}.Debug|x86.Build.0 = Debug|Win32
		{A0CB7395-9BDB-45B8-A7E1-4BA5DC42DD22}.Release|x64.ActiveCfg = Release|x64
		{A0CB7395-9BDB-45B8-A7E1-4BA5DC42DD22}.Release|x64.Build.0 = Release|x64
		{A0CB7395-9BDB-45B8-A7E1-4BA5DC42DD22}.Release|x86.ActiveCfg = Release|Win32
		{A0CB7395-9BDB-45B8-A7E1-4BA5DC42DD22}.Release|x86.Build.0 = Release|Win32
		{EDD33F63-835E-4C51-80FC-A339285148CA}.Debug|x64.ActiveCfg = Debug|x64
		{EDD33F63-835E-4C51-80FC-A339285148CA}.Debug|x64.Build.0 = Debug|x64
		{EDD33F63-835E-4C51-80FC-A339285148CA}.Debug|x86.ActiveCfg = Debug|Win32
		{EDD33F63-835E-4C51-80FC-A339285148CA}.Debug|x86.Build.0 = Debug|Win32
		{EDD33F63-835E-4C51-80FC-A339285148CA}.Release|x64.ActiveCfg = Release|x64
		{EDD33F63-835E-4C51-80FC-A339285148CA}.Release|x64.Build.0 = Release|x64
		{EDD33F63-835E-4C51-80FC-A339285148CA}.Release|x86.ActiveCfg = Release|Win32
		{EDD33F63-835E-4C51-80FC-A339285148CA}.Release|x86.Build.0 = Release|Win32
		{3129D155-AA17-4F91-B495-05E850B7C4A3}.Debug|x64.ActiveCfg = Debug|x64
		{3129D155-AA17-4F91-B495-05E850B7C4A3}.Debug|x64.Build.0 = Debug|x64
		{3129D155-AA17-4F91-B495-05E850B7C4A3}.Debug|x86.ActiveCfg = Debug|Win32
		{3129D155-AA17-4F91-B495-05E850B7C4A3}.Debug|x86.Build.0 = Debug|Win32
		{3129D155-AA17-4F91-B495-05E850B7C4A3}.Release|x64.ActiveCfg = Release|x64
		{3129D155-AA17-4F91-B495-05E850B7C4A3}.Release|x64.Build.0 = Release|x64
		{3129D155-AA17-4F91-B495-05E850B7C4A3}.Release|x86.ActiveCfg = Release|Win32
		{3129D155-AA17-4F91-B495-05E850B7C4A3}.Release|x86.Build.0 = Release|Win32
		{670E3B01-A04D-40A3-B0F1-C29A0F74AF8F}.Debug|x64.ActiveCfg = Debug|x64
		{670E3B01-A04D-40A3-B0F1-C29A0F74AF8F}.Debug|x64.Build.0 = Debug|x64
		{670E3B01-A04D-40A3-B0F1-C29A0F74AF8F}.Debug|x86.ActiveCfg = Debug|Win32
		{670E3B01-A04D-40A3-B0F1-C29A0F74AF8F}.Debug|x86.Build.0 = Debug|Win32
		{670E3B01-A04D-40A3-B0F1-C29A0F74AF8F}.Release|x64.ActiveCfg = Release|x64
		{670E3B01-A04D-40A3-B0F1-C29A0F74AF8F}.Release|x64.Build.0 = Release|x64
		{670E3B01-A04D-40A3-B0F1-C29A0F74AF8F}.Release|x86.ActiveCfg = Release|Win32
		{670E3B01-A04D-40A3-B0F1-C29A0F74AF8F}.Release|x86.Build.0 = Release|Win32
		{779999EE-417A-4D4E-8355-086933C51D15}.Debug|x64.ActiveCfg = Debug|x64
		{779999EE-417A-4D4E-8355-086933C51D15}.Debug|x64.Build.0 = Debug|x64
		{779999EE-417A-4D4E-8355-086933C51D15}.Debug|x86.ActiveCfg = Debug|Win32
		{779999EE-417A-4D4E-8355-086933C51D15}.Debug|x86.Build.0 = Debug|Win32
		{779999EE-417A-4D4E-8355-086933C51D15}.Release|x64.ActiveCfg = Release|x64
		{779999EE-417A-4D4E-8355-086933C51D15}.Release|x64.Build.0 = Release|x64
		{779999EE-417A-4D4E-8355-086933C51D15}.Release|x86.ActiveCfg = Release|Win32
		{779999EE-417A-4D4E-8355-086933C51D15}.Release|x86.Build.0 = Release|Win32
		{328FB2D5-1021-4737-B949-A5498CE7D314}.Debug|x64.ActiveCfg = Debug|x64
		{328FB2D5-1021-4737-B949-A5498CE7D314}.Debug|x64.Build.0 = Debug|x64
		{328FB2D5-1021-4737-B949-A5498CE7D314}.Debug|x86.ActiveCfg = Debug|Win32
		{328FB2D5-1021-4737-B949-A5498CE7D314}.Debug|x86.Build.0 = Debug|Win32
		{328FB2D5-1021-4737-B949-A5498CE7D314}.Release|x64.ActiveCfg = Release|x64
		{328FB2D5-1021-4737-B949-A5498CE7D314}.Release|x64.Build.0 = Release|x64
		{328FB2D5-1021-4737-B949-A5498CE7D314}.Release|x86.ActiveCfg = Release|Win32
		{328FB2D5-1021-4737-B949-A5498CE7D314}.Release|x86.Build.0 = Release|Win32
		{1DDDF699-81D1-422F-9425-4D11DA2A1579}.Debug|x64.ActiveCfg = Debug|x64
		{1DDDF699-81D1-422F-9425-4D11DA2A1579}.Debug|x64.Build.0 = Debug|x64
		{1DDDF699-81D1-422F-9425-4D11DA2A1579}.Debug|x86.ActiveCfg = Debug|Win32
		{1DDDF699-81D1-422F-9425-4D11DA2A1579}.Debug|x86.Build.0 = Debug|Win32
		{1DDDF699-81D1-422F-9425-4D11DA2A1579}.Release|x64.ActiveCfg = Release|x64
		{1DDDF699-81D1-422F-9425-4D11DA2A1579}.Release|x64.Build.0 = Release|x64
		{1DDDF699-81D1-422F-9425-4D11DA2A1579}.Release|x86.ActiveCfg = Release|Win32
		{1DDDF699-81D1-422F-9425-4D11DA2A1579}.Release|x86.Build.0 = Release|Win32
		{35107247-FB81-4611-ABC8-483206C1BFEB}.Debug|x64.ActiveCfg = Debug|x64
		{35107247-FB81-4611-ABC8-483206C1BFEB}.Debug|x64.Build.0 = Debug|x64
		{35107247-FB81-4611-ABC8-483206C1BFEB}.Debug|x86.ActiveCfg = Debug|Win32
		{35107247-FB81-4611-ABC8-483206C1BFEB}.Debug|x86.Build.0 = Debug|Win32
		{35107247-FB81-4611-ABC8-483206C1BFEB}.Release|x64.ActiveCfg = Release|x64
		{35107247-FB81-4611-ABC8-483206C1BFEB}.Release|x64.Build.0 = Release|x64
		{35107247-FB81-4611-ABC8-483206C1BFEB}.Release|x86.ActiveCfg = Release|Win32
		{35107247-FB81-4611-ABC8-483206C1BFEB}.Release|x86.Build.0 = Release|Win32
		{5CEA73FE-A352-4D4C-84F6-687DD37D9DA4}.Debug|x64.ActiveCfg = Debug|x64
		{5CEA73FE-A352-4D4C-84F6-687DD37D9DA4}.Debug|x64.Build.0 = Debug|x64
		{5CEA73FE-A352-4D4C-84F6-687DD37D9DA4}.Debug|x86.ActiveCfg = Debug|Win32
		{5CEA73FE-A352-4D4C-84F6-687DD37D9DA4}.Debug|x86.Build.0 = Debug|Win32
		{5CEA73FE-A352-4D4C-84F6-687DD37D9DA4}.Release|x64.ActiveCfg = Release|x64
		{5CEA73FE-A352-4D4C-84F6-687DD37D9DA4}.Release|x64.Build.0 = Release|x64
		{5CEA73FE-A352-4D4C-84F6-687DD37D9DA4}.Release|x86.ActiveCfg = Release|Win32
		{5CEA73FE-A352-4D4C-84F6-687DD37D9DA4}.Release|x86.Build.0 = Release|Win32
		{FD9143B5-62C0-4BD3-B455-CBB02C5FE351}.Debug|x64.ActiveCfg = Debug|x64
		{FD9143B5-62C0-4BD3-B455-CBB02C5FE351}.Debug|x64.Build.0 = Debug|x64
		{FD9143B5-62C0-4BD3-B455-CBB02C5FE351}.Debug|x86.ActiveCfg = Debug|Win32
		{FD9143B5-62C0-4BD3-B455-CBB02C5FE351}.Debug|x86.Build.0 = Debug|Win32
		{FD9143B5-62C0-4BD3-B455-CBB02C5FE351}.Release|x64.ActiveCfg = Release|x64
		{FD9143B5-62C0-4BD3-B455-CBB02C5FE351}.Release|x64.Build.0 = Release|x64
		{FD9143B5-62C0-4BD3-B455-CBB02C5FE351}.Release|x86.ActiveCfg = Release|Win32
		{FD9143B5-62C0-4BD3-B455-CBB02C5FE351}.Release|x86.Build.0 = Release|Win32
		{7ECA4103-6CE9-49BD-B82C-8726D94884E0}.Debug|x64.ActiveCfg = Debug|x64
		{7ECA4103-6CE9-49BD-B82C-8726D94884E0}.Debug|x64.Build.0 = Debug|x64
		{7ECA4103-6CE9-49BD-B82C-8726D94884E0}.Debug|x86.ActiveCfg = Debug|Win32
		{7ECA4103-6CE9-49BD-B82C-8726D94884E0}.Debug|x86.Build.0 = Debug|Win32
		{7ECA4103-6CE9-49BD-B82C-8726D94884E0}.Release|x64.ActiveCfg = Release|x64
		{7ECA4103-6CE9-49BD-B82C-8726D94884E0}.Release|x64.Build.0 = Release|x64
		{7ECA4103-6CE9-49BD-B82C-8726D94884E0}.Release|x86.ActiveCfg = Release|Win32
		{7ECA4103-6CE9-49BD-B82C-8726D94884E0}.Release|x86.Build.0 = Release|Win32
		{7145ADC2-EBB8-4A2A-9CD8-76224F08409F}.Debug|x64.ActiveCfg = Debug|x64
		{7145ADC2-EBB8-4A2A-9CD8-76224F08409F}.Debug|x64.Build.0 = Debug|x64
		{7145ADC2-EBB8-4A2A-9CD8-76224F08409F}.Debug|x86.ActiveCfg = Debug|Win32
		{7145ADC2-EBB8-4A2A-9CD8-76224F08409F}.Debug|x86.Build.0 = Debug|Win32
		{7145ADC2-EBB8-4A2A-9CD8-76224F08409F}.Release|x64.ActiveCfg = Release|x64
		{7145ADC2-EBB8-4A2A-9CD8-76224F08409F}.Release|x64.Build.0 = Release|x64
		{7145ADC2-EBB8-4A2A-9CD8-76224F08409F}.Release|x86.ActiveCfg = Release|Win32
		{7145ADC2-EBB8-4A2A-9CD8-76224F08409F}.Release|x86.Build.0 = Release|Win32
		{52EF14B1-2AA0-4E64-AC41-DB4CFD626A30}.Debug|x64.ActiveCfg = Debug|x64
		{52EF14B1-2AA0-4E64-AC41-DB4CFD626A30}.Debug|x64.Build.0 = Debug|x64
		{52EF14B1-2AA0-4E64-AC41-DB4CFD626A30}.Debug|x86.ActiveCfg = Debug|Win32
		{52EF14B1-2AA0-4E64-AC41-DB4CFD626A30}.Debug|x86.Build.0 = Debug|Win32
		{52EF14B1-2AA0-4E64-AC41-DB4CFD626A30}.Release|x64.ActiveCfg = Release|x64
		{52EF14B1-2AA0-4E64-AC41-DB4CFD626A30}.Release|x64.Build.0 = Release|x64
		{52EF14B1-2AA0-4E64-AC41-DB4CFD626A30}.Release|x86.ActiveCfg = Release|Win32
		{52EF14B1-2AA0-4E64-AC41-DB4CFD626A30}.Release|x86.Build.0 = Release|Win32
		{60104056-E803-4B76-8FB8-9304437A3E60}.Debug|x64.ActiveCfg = Debug|x64
		{60104056-E803-4B76-8FB8-9304437A3E60}.Debug|x64.Build.0 = Debug|x64
		{60104056-E803-4B76-8FB8-9304437A3E60}.Debug|x86.ActiveCfg = Debug|Win32
		{60104056-E803-4B76-8FB8-9304437A3E60}.Debug|x86.Build.0 = Debug|Win32
		{60104056-E803-4B76-8FB8-9304437A3E60}.Release|x64.ActiveCfg = Release|x64
		{60104056-E803-4B76-8FB8-9304437A3E60}.Release|x64.Build.0 = Release|x64
		{60104056-E803-4B76-8FB8-9304437A3E60}.Release|x86.ActiveCfg = Release|Win32
		{60104056-E803-4B76-8FB8-9304437A3E60}.Release|x86.Build.0 = Release|Win32
		{E6FFD456-B94C-4DD6-B6D2-97B30478CE77}.Debug|x64.ActiveCfg = Debug|x64
		{E6FFD456-B94C-4DD6-B6D2-97B30478CE77}.Debug|x64.Build.0 = Debug|x64
		{E6FFD456-B94C-4DD6-B6D2-97B30478CE77}.Debug|x86.ActiveCfg = Debug|Win32
		{E6FFD456-B94C-4DD6-B6D2-97B30478CE77}.Debug|x86.Build.0 = Debug|Win32
		{E6FFD456-B94C-4DD6-B6D2-97B30478CE77}.Release|x64.ActiveCfg = Release|x64
		{E6FFD456-B94C-4DD6-B6D2-97B30478CE77}.Release|x64.Build.0 = Release|x64
		{E6FFD456-B94C-4DD6-B6D2-97B30478CE77}.Release|x86.ActiveCfg = Release|Win32
		{E6FFD456-B94C-4DD6-B6D2-97B30478CE77}.Release|x86.Build.0 = Release|Win32
		{C879CD1C-166E-4799-8736-87AAC1421CE7}.Debug|x64.ActiveCfg = Debug|x64
		{C879CD1C-166E-4799-8736-87AAC1421CE7}.Debug|x64.Build.0 = Debug|x64
		{C879CD1C-166E-4799-8736-87AAC1421CE7}.Debug|x86.ActiveCfg = Debug|Win32
		{C879CD1C-166E-4799-8736-87AAC1421CE7}.Debug|x86.Build.0 = Debug|Win32
		{C879CD1C-166E-4799-8736-87AAC1421CE7}.Release|x64.ActiveCfg = Release|x64
		{C879CD1C-166E-4799-8736-87AAC1421CE7}.Release|x64.Build.0 = Release|x64
		{C879CD1C-166E-4799-8736-87AAC1421CE7}.Release|x86.ActiveCfg = Release|Win32
		{C879CD1C-166E-4799-8736-87AAC1421CE7}.Release|x86.Build.0 = Release|Win32
		{D5321C55-21FE-4098-8893-C328E5138BD6}.Debug|x64.ActiveCfg = Debug|x64
		{D5321C55-21FE-4098-8893-C328E5138BD6}.Debug|x64.Build.0 = Debug|x64
		{D5321C55-21FE-4098-8893-C328E5138BD6}.Debug|x86.ActiveCfg = Debug|Win32
		{D5321C55-21FE-4098-8893-C328E5138BD6}.Debug|x86.Build.0 = Debug|Win32
		{D5321C55-21FE-4098-8893-C328E5138BD6}.Release|x64.ActiveCfg = Release|x64
		{D5321C55-21FE-4098-8893-C328E5138BD6}.Release|x64.Build.0 = Release|x64
		{D5321C55-21FE-4098-8893-C328E5138BD6}.Release|x86.ActiveCfg = Release|Win32
		{D5321C55-21FE-4098-8893-C328E5138BD6}.Release|x86.Build.0 = Release|Win32
		{95CB0937-67BB-4191-AB64-28347A32BF28}.Debug|x64.ActiveCfg = Debug|x64
		{95CB0937-67BB-4191-AB64-28347A32BF28}.Debug|x64.Build.0 = Debug|x64
		{95CB0937-67BB-4191-AB64-28347A32BF28}.Debug|x86.ActiveCfg = Debug|Win32
		{95CB0937-67BB-4191-AB64-28347A32BF28}.Debug|x86.Build.0 = Debug|Win32
		{95CB0937-67BB-4191-AB64-28347A32BF28}.Release|x64.ActiveCfg = Release|x64
		{95CB0937-67BB-4191-AB64-28347A32BF28}.Release|x64.Build.0 = Release|x64
		{95CB0937-67BB-4191-AB64-28347A32BF28}.Release|x86.ActiveCfg = Release|Win32
		{95CB0937-67BB-4191-AB64-28347A32BF28}.Release|x86.Build.0 = Release|Win32
		{F96E2183-AFC7-4D18-BB20-C397A55E84D0}.Debug|x64.ActiveCfg = Debug|x64
		{F96E2183-AFC7-4D18-BB20-C397A55E84D0}.Debug|x64.Build.0 = Debug|x64
		{F96E2183-AFC7-4D18-BB20-C397A55E84D0}.Debug|x86.ActiveCfg = Debug|Win32
		{F96E2183-AFC7-4D18-BB20-C397A55E84D0}.Debug|x86.Build.0 = Debug|Win32
		{F96E2183-AFC7-4D18-BB20-C397A55E84D0}.Release|x64.ActiveCfg = Release|x64
		{F96E2183-AFC7-4D18-BB20-C397A55E84D0}.Release|x64.Build.0 = Release|x64
		{F96E2183-AFC7-4D18-BB20-C397A55E84D0}.Release|x86.ActiveCfg = Release|Win32
		{F96E2183-AFC7-4D18-BB20-C397A55E84D0}.Release|x86.Build.0 = Release|Win32
		{2F1B77A7-5E05-4FBA-8FBD-C7F4C0A2CA23}.Debug|x64.ActiveCfg = Debug|x64
		{2F1B77A7-5E05-4FBA-8FBD-C7F4C0A2CA23}.Debug|x64.Build.0 = Debug|x64
		{2F1B77A7-5E05-4FBA-8FBD-C7F4C0A2CA23}.Debug|x86.ActiveCfg = Debug|Win32
		{2F1B77A7-5E05-4FBA-8FBD-C7F4C0A2CA23}.Debug|x86.Build.0 = Debug|Win32
		{2F1B77A7-5E05-4FBA-8FBD-C7F4C0A2CA23}.Release|x64.ActiveCfg = Release|x64
		{2F1B77A7-5E05-4FBA-8FBD-C7F4C0A2CA23}.Release|x64.Build.0 = Release|x64
		{2F1B77A7-5E05-4FBA-8FBD-C7F4C0A2CA23}.Release|x86.ActiveCfg = Release|Win32
		{2F1B77A7-5E05-4FBA-8FBD-C7F4C0A2CA23}.Release|x86.Build.0 = Release|Win32
		{22A77DD5-54D4-4BE9-B2AA-1C03DD6EC0D9}.Debug|x64.ActiveCfg = Debug|x64
		{22A77DD5-54D4-4BE9-B2AA-1C03DD6EC0D9}.Debug|x64.Build.0 = Debug|x64
		{22A77DD5-54D4-4BE9-B2AA-1C03DD6EC0D9}.Debug|x86.ActiveCfg = Debug|Win32
		{22A77DD5-54D4-4BE9-B2AA-1C03DD6EC0D9}.Debug|x86.Build.0 = Debug|Win32
		{22A77DD5-54D4-4BE9-B2AA-1C03DD6EC0D9}.Release|x64.ActiveCfg = Release|x64
		{22A77DD5-54D4-4BE9-B2AA-1C03DD6EC0D9}.Release|x64.Build.0 = Release|x64
		{22A77DD5-54D4-4BE9-B2AA-1C03DD6EC0D9}.Release|x86.ActiveCfg = Release|Win32
		{22A77DD5-54D4-4BE9-B2AA-1C03DD6EC0D9}.Release|x86.Build.0 = Release|Win32
		{354ECCA2-4ED8-44AA-AD8D-F0E54DB18C09}.Debug|x64.ActiveCfg = Debug|x64
		{354ECCA2-4ED8-44AA-AD8D-F0E54DB18C09}.Debug|x64.Build.0 = Debug|x64
		{354ECCA2-4ED8-44AA-AD8D-F0E54DB18C09}.Debug|x86.ActiveCfg = Debug|Win32
		{354ECCA2-4ED8-44AA-AD8D-F0E54DB18C09}.Debug|x86.Build.0 = Debug|Win32
		{354ECCA2-4ED8-44AA-AD8D-F0E54DB18C09}.Release|x64.ActiveCfg = Release|x64
		{354ECCA2-4ED8-44AA-AD8D-F0E54DB18C09}.Release|x64.Build.0 = Release|x64
		{354ECCA2-4ED8-44AA-AD8D-F0E54DB18C09}.Release|x86.ActiveCfg = Release|Win32
		{354ECCA2-4ED8-44AA-AD8D-F0E54DB18C09}.Release|x86.Build.0 = Release|Win32
		{5A46ED3D-7D93-4E66-93CA-923EB249D425}.Debug|x64.ActiveCfg = Debug|x64
		{5A46ED3D-7D93-4E66-93CA-923EB249D425}.Debug|x64.Build.0 = Debug|x64
		{5A46ED3D-7D93-4E66-93CA-923EB249D425}.Debug|x86.ActiveCfg = Debug|Win32
		{5A46ED3D-7D93-4E66-93CA-923EB249D425}.Debug|x86.Build.0 = Debug|Win32
		{5A46ED3D-7D93-4E66-93CA-923EB249D425}.Release|x64.ActiveCfg = Release|x64
		{5A46ED3D-7D93-4E66-93CA-923EB249D425}.Release|x64.Build.0 = Release|x64
		{5A46ED3D-7D93-4E66-93CA-923EB249D425}.Release|x86.ActiveCfg = Release|Win32
		{5A46ED3D-7D93-4E66-93CA-923EB249D425}.Release|x86.Build.0 = Release|Win32
		{B314145D-2759-4D8B-B78E-1BC79A8C103E}.Debug|x64.ActiveCfg = Debug|x64
		{B314145D-2759-4D8B-B78E-1BC79A8C103E}.Debug|x64.Build.0 = Debug|x64
		{B314145D-2759-4D8B-B78E-1BC79A8C103E}.Debug|x86.ActiveCfg = Debug|Win32
		{B314145D-2759-4D8B-B78E-1BC79A8C103E}.Debug|x86.Build.0 = Debug|Win32
		{B314145D-2759-4D8B-B78E-1BC79A8C103E}.Release|x64.ActiveCfg = Release|x64
		{B314145D-2759-4D8B-B78E-1BC79A8C103E}.Release|x64.Build.0 = Release|x64
		{B314145D-2759-4D8B-B78E-1BC79A8C103E}.Release|x86.ActiveCfg = Release|Win32
		{B314145D-2759-4D8B-B78E-1BC79A8C103E}.Release|x86.Build.0 = Release|Win32
		{E9D53317-BA2B-4B27-BF73-46142E533F30}.Debug|x64.ActiveCfg = Debug|x64
		{E9D53317-BA2B-4B27-BF73-46142E533F30}.Debug|x64.Build.0 = Debug|x64
		{E9D53317-BA2B-4B27-BF73-46142E533F30}.Debug|x86.ActiveCfg = Debug|Win32
		{E9D53317-BA2B-4B27-BF73-46142E533F30}.Debug|x86.Build.0 = Debug|Win32
		{E9D53317-BA2B-4B27-BF73-46142E533F30}.Release|x64.ActiveCfg = Release|x64
		{E9D53317-BA2B-4B27-BF73-46142E533F30}.Release|x64.Build.0 = Release|x64
		{E9D53317-BA2B-4B27-BF73-46142E533F30}.Release|x86.ActiveCfg = Release|Win32
		{E9D53317-BA2B-4B27-BF73-46142E533F30}.Release|x86.Build.0 = Release|Win32
		{177A0602-8E57-49DD-A145-4D07D38EC0D8}.Debug|x64.ActiveCfg = Debug|x64
		{177A0602-8E57-49DD-A145-4D07D38EC0D8}.Debug|x64.Build.0 = Debug|x64
		{177A0602-8E57-49DD-A145-4D07D38EC0D8}.Debug|x86.ActiveCfg = Debug|Win32
		{177A0602-8E57-49DD-A145-4D07D38EC0D8}.Debug|x86.Build.0 = Debug|Win32
		{177A0602-8E57-49DD-A145-4D07D38EC0D8}.Release|x64.ActiveCfg = Release|x64
		{177A0602-8E57-49DD-A145-4D07D38EC0D8}.Release|x64.Build.0 = Release|x64
		{177A0602-8E57-49DD-A145-4D07D38EC0D8}.Release|x86.ActiveCfg = Release|Win32
		{177A0602-8E57-49DD-A145-4D07D38EC0D8}.Release|x86.Build.0 = Release|Win32
		{816481D4-1C09-4C7A-BC6E-0FFECD0AEA3E}.Debug|x64.ActiveCfg = Debug|x64
		{816481D4-1C09-4C7A-BC6E-0FFECD0AEA3E}.Debug|x64.Build.0 = Debug|x64
		{816481D4-1C09-4C7A-BC6E-0FFECD0AEA3E}.Debug|x86.ActiveCfg = Debug|Win32
		{816481D4-1C09-4C7A-BC6E-0FFECD0AEA3E}.Debug|x86.Build.0 = Debug|Win32
		{816481D4-1C09-4C7A-BC6E-0FFECD0AEA3E}.Release|x64.ActiveCfg = Release|x64
		{816481D4-1C09-4C7A-BC6E-0FFECD0AEA3E}.Release|x64.Build.0 = Release|x64
		{816481D4-1C09-4C7A-BC6E-0FFECD0AEA3E}.Release|x86.ActiveCfg = Release|Win32
		{816481D4-1C09-4C7A-BC6E-0FFECD0AEA3E}.Release|x86.Build.0 = Release|Win32
		{A03DF7F4-3407-4C9D-BF11-6C9564A50CCB}.Debug|x64.ActiveCfg = Debug|x64
		{A03DF7F4-3407-4C9D-BF11-6C9564A50CCB}.Debug|x64.Build.0 = Debug|x64
		{A03DF7F4-3407-4C9D-BF11-6C9564A50CCB}.Debug|x86.ActiveCfg = Debug|Win32
		{A03DF7F4-3407-4C9D-BF11-6C9564A50CCB}.Debug|x86.Build.0 = Debug|Win32
		{A03DF7F4-3407-4C9D-BF11-6C9564A50CCB}.Release|x64.ActiveCfg = Release|x64
		{A03DF7F4-3407-4C9D-BF11-6C9564A50CCB}.Release|x64.Build.0 = Release|x64
		{A03DF7F4-3407-4C9D-BF11-6C9564A50CCB}.Release|x86.ActiveCfg = Release|Win32
		{A03DF7F4-3407-4C9D-BF11-6C9564A50CCB}.Release|x86.Build.0 = Release|Win32
		{41387083-A354-43FB-9B30-CBB9BDC6A780}.Debug|x64.ActiveCfg = Debug|x64
		{41387083-A354-43FB-9B30-CBB9BDC6A780}.Debug|x64.Build.0 = Debug|x64
		{41387083-A354-43FB-9B30-CBB9BDC6A780}.Debug|x86.ActiveCfg = Debug|Win32
		{41387083-A354-43FB-9B30-CBB9BDC6A780}.Debug|x86.Build.0 = Debug|Win32
		{41387083-A354-43FB-9B30-CBB9BDC6A780}.Release|x64.ActiveCfg = Release|x64
		{41387083-A354-43FB-9B30-CBB9BDC6A780}.Release|x64.Build.0 = Release|x64
		{41387083-A354-43FB-9B30-CBB9BDC6A780}.Release|x86.ActiveCfg = Release|Win32
		{41387083-A354-43FB-9B30-CBB9BDC6A780}.Release|x86.Build.0 = Release|Win32
		{13E8D195-F374-4AC3-BAB9-16EF8919974E}.Debug|x64.ActiveCfg = Debug|x64
		{13E8D195-F374-4AC3-BAB9-16EF8919974E}.Debug|x64.Build.0 = Debug|x64
		{13E8D195-F374-4AC3-BAB9-16EF8919974E}.Debug|x86.ActiveCfg = Debug|Win32
		{13E8D195-F374-4AC3-BAB9-16EF8919974E}.Debug|x86.Build.0 = Debug|Win32
		{13E8D195-F374-4AC3-BAB9-16EF8919974E}.Release|x64.ActiveCfg = Release|x64
		{13E8D195-F374-4AC3-BAB9-16EF8919974E}.Release|x64.Build.0 = Release|x64
		{13E8D195-F374-4AC3-BAB9-16EF8919974E}.Release|x86.ActiveCfg = Release|Win32
		{13E8D195-F374-4AC3-BAB9-16EF8919974E}.Release|x86.Build.0 = Release|Win32
		{42AF8ED5-188C-4152-814C-86E971064E7F}.Debug|x64.ActiveCfg = Debug|x64
		{42AF8ED5-188C-4152-814C-86E971064E7F}.Debug|x64.Build.0 = Debug|x64
		{42AF8ED5-188C-4152-814C-86E971064E7F}.Debug|x86.ActiveCfg = Debug|Win32
		{42AF8ED5-188C-4152-814C-86E971064E7F}.Debug|x86.Build.0 = Debug|Win32
		{42AF8ED5-188C-4152-814C-86E971064E7F}.Release|x64.ActiveCfg = Release|x64
		{42AF8ED5-188C-4152-814C-86E971064E7F}.Release|x64.Build.0 = Release|x64
		{42AF8ED5-188C-4152-814C-86E971064E7F}.Release|x86.ActiveCfg = Release|Win32
		{42AF8ED5-188C-4152-814C-86E971064E7F}.Release|x86.Build.0 = Release|Win32
		{DF8FDC2A-E8AE-4021-9C1E-EB4B1A1182B2}.Debug|x64.ActiveCfg = Debug|x64
		{DF8FDC2A-E8AE-4021-9C1E-EB4B1A1182B2}.Debug|x64.Build.0 = Debug|x64
		{DF8FDC2A-E8AE-4021-9C1E-EB4B1A1182B2}.Debug|x86.ActiveCfg = Debug|Win32
		{DF8FDC2A-E8AE-4021-9C1E-EB4B1A1182B2}.Debug|x86.Build.0 = Debug|Win32
		{DF8FDC2A-E8AE-4021-9C1E-EB4B1A1182B2}.Release|x64.ActiveCfg = Release|x64
		{DF8FDC2A-E8AE-4021-9C1E-EB4B1A1182B2}.Release|x64.Build.0 = Release|x64
		{DF8FDC2A-E8AE-4021-9C1E-EB4B1A1182B2}.Release|x86.ActiveCfg = Release|Win32
		{DF8FDC2A-E8AE-4021-9C1E-EB4B1A1182B2}.Release|x86.Build.0 = Release|Win32
		{B5AAE46C-6023-4F78-8B5C-7A3D8DB63E32}.Debug|x64.ActiveCfg = Debug|x64
		{B5AAE46C-6023-4F78-8B5C-7A3D8DB63E32}.Debug|x64.Build.0 = Debug|x64
		{B5AAE46C-6023-4F78-8B5C-7A3D8DB63E32}.Debug|x86.ActiveCfg = Debug|Win32
		{B5AAE46C-6023-4F78-8B5C-7A3D8DB63E32}.Debug|x86.Build.0 = Debug|Win32
		{B5AAE46C-6023-4F78-8B5C-7A3D8DB63E32}.Release|x64.ActiveCfg = Release|x64
		{B5AAE46C-6023-4F78-8B5C-7A3D8DB63E32}.Release|x64.Build.0 = Release|x64
		{B5AAE46C-6023-4F78-8B5C-7A3D8DB63E32}.Release|x86.ActiveCfg = Release|Win32
		{B5AAE46C-6023-4F78-8B5C-7A3D8DB63E32}.Release|x86.Build.0 = Release|Win32
		{BE2B4CB9-91AD-4FCB-8FA1-B8D6B6689F5E}.Debug|x64.ActiveCfg = Debug|x64
		{BE2B4CB9-91AD-4FCB-8FA1-B8D6B6689F5E}.Debug|x64.Build.0 = Debug|x64
		{BE2B4CB9-91AD-4FCB-8FA1-B8D6B6689F5E}.Debug|x86.ActiveCfg = Debug|Win32
		{BE2B4CB9-91AD-4FCB-8FA1-B8D6B6689F5E}.Debug|x86.Build.0 = Debug|Win32
		{BE2B4CB9-91AD-4FCB-8FA1-B8D6B6689F5E}.Release|x64.ActiveCfg = Release|x64
		{BE2B4CB9-91AD-4FCB-8FA1-B8D6B6689F5E}.Release|x64.Build.0 = Release|x64
		{BE2B4CB9-91AD-4FCB-8FA1-B8D6B6689F5E}.Release|x86.ActiveCfg = Release|Win32
		{BE2B4CB9-91AD-4FCB-8FA1-B8D6B6689F5E}.Release|x86.Build.0 = Release|Win32
		{16D806F8-F4CD-4C25-81D3-0469EBEB996D}.Debug|x64.ActiveCfg = Debug|x64
		{16D806F8-F4CD-4C25-81D3-0469EBEB996D}.Debug|x64.Build.0 = Debug|x64
		{16D806F8-F4CD-4C25-81D3-0469EBEB996D}.Debug|x86.ActiveCfg = Debug|Win32
		{16D806F8-F4CD-4C25-81D3-0469EBEB996D}.Debug|x86.Build.0 = Debug|Win32
		{16D806F8-F4CD-4C25-81D3-0469EBEB996D}.Release|x64.ActiveCfg = Release|x64
		{16D806F8-F4CD-4C25-81D3-0469EBEB996D}.Release|x64.Build.0 = Release|x64
		{16D806F8-F4CD-4C25-81D3-0469EBEB996D}.Release|x86.ActiveCfg = Release|Win32
		{16D806F8-F4CD-4C25-81D3-0469EBEB996D}.Release|x86.Build.0 = Release|Win32
		{7421D88C-921D-4749-82B4-B761CBADB1BE}.Debug|x64.ActiveCfg = Debug|x64
		{7421D88C-921D-4749-82B4-B761CBADB1BE}.Debug|x64.Build.0 = Debug|x64
		{7421D88C-921D-4749-82B4-B761CBADB1BE}.Debug|x86.ActiveCfg = Debug|Win32
		{7421D88C-921D-4749-82B4-B761CBADB1BE}.Debug|x86.Build.0 = Debug|Win32
		{7421D88C-921D-4749-82B4-B761CBADB1BE}.Release|x64.ActiveCfg = Release|x64
		{7421D88C-921D-4749-82B4-B761CBADB1BE}.Release|x64.Build.0 = Release|x64
		{7421D88C-921D-4749-82B4-B761CBADB1BE}.Release|x86.ActiveCfg = Release|Win32
		{7421D88C-921D-4749-82B4-B761CBADB1BE}.Release|x86.Build.0 = Release|Win32
		{20B070EB-ECF0-434B-B9F3-39AF1E538335}.Debug|x64.ActiveCfg = Debug|x64
		{20B070EB-ECF0-434B-B9F3-39AF1E538335}.Debug|x64.Build.0 = Debug|x64
		{20B070EB-ECF0-434B-B9F3-39AF1E538335}.Debug|x86.ActiveCfg = Debug|Win32
		{20B070EB-ECF0-434B-B9F3-39AF1E538335}.Debug|x86.Build.0 = Debug|Win32
		{20B070EB-ECF0-434B-B9F3-39AF1E538335}.Release|x64.ActiveCfg = Release|x64
		{20B070EB-ECF0-434B-B9F3-39AF1E538335}.Release|x64.Build.0 = Release|x64
		{20B070EB-ECF0-434B-B9F3-39AF1E538335}.Release|x86.ActiveCfg = Release|Win32
		{20B070EB-ECF0-434B-B9F3-39AF1E538335}.Release|x86.Build.0 = Release|Win32
		{5ECCEAB8-2E2C-4C53-8BEF-3BF1D009480C}.Debug|x64.ActiveCfg = Debug|x64
		{5ECCEAB8-2E2C-4C53-8BEF-3BF1D009480C}.Debug|x64.Build.0 = Debug|x64
		{5ECCEAB8-2E2C-4C53-8BEF-3BF1D009480C}.Debug|x86.ActiveCfg = Debug|Win32
		{5ECCEAB8-2E2C-4C53-8BEF-3BF1D009480C}.Debug|x86.Build.0 = Debug|Win32
		{5ECCEAB8-2E2C-4C53-8BEF-3BF1D009480C}.Release|x64.ActiveCfg = Release|x64
		{5ECCEAB8-2E2C-4C53-8BEF-3BF1D009480C}.Release|x64.Build.0 = Release|x64
		{5ECCEAB8-2E2C-4C53-8BEF-3BF1D009480C}.Release|x86.ActiveCfg = Release|Win32
		{5ECCEAB8-2E2C-4C53-8BEF-3BF1D009480C}.Release|x86.Build.0 = Release|Win32
		{E25B01C1-1A20-4A31-85EE-77DF2EDF0545}.Debug|x64.ActiveCfg = Debug|x64
		{E25B01C1-1A20-4A31-85EE-77DF2EDF0545}.Debug|x64.Build.0 = Debug|x64
		{E25B01C1-1A20-4A31-85EE-77DF2EDF0545}.Debug|x86.ActiveCfg = Debug|Win32
		{E25B01C1-1A20-4A31-85EE-77DF2EDF0545}.Debug|x86.Build.0 = Debug|Win32
		{E25B01C1-1A20-4A31-85EE-77DF2EDF0545}.Release|x64.ActiveCfg = Release|x64
		{E25B01C1-1A20-4A31-85EE-77DF2EDF0545}.Release|x64.Build.0 = Release|x64
		{E25B01C1-1A20-4A31-85EE-77DF2EDF0545}.Release|x86.ActiveCfg = Release|Win32
		{E25B01C1-1A20-4A31-85EE-77DF2EDF0545}.Release|x86.Build.0 = Release|Win32
		{229A4CBA-EAF8-4470-8795-41E0F0304E93}.Debug|x64.ActiveCfg = Debug|x64
		{229A4CBA-EAF8-4470-8795-41E0F0304E93}.Debug|x64.Build.0 = Debug|x64
		{229A4CBA-EAF8-4470-8795-41E0F0304E93}.Debug|x86.ActiveCfg = Debug|Win32
		{229A4CBA-EAF8-4470-8795-41E0F0304E93}.Debug|x86.Build.0 = Debug|Win32
		{229A4CBA-EAF8-4470-8795-41E0F0304E93}.Release|x64.ActiveCfg = Release|x64
		{229A4CBA-EAF8-4470-8795-41E0F0304E93}.Release|x64.Build.0 = Release|x64
		{229A4CBA-EAF8-4470-8795-41E0F0304E93}.Release|x86.ActiveCfg = Release|Win32
		{229A4CBA-EAF8-4470-8795-41E0F0304E93}.Release|x86.Build.0 = Release|Win32
		{8B1E9E95-E0D0-4FF1-A232-032D252CEF0C}.Debug|x64.ActiveCfg = Debug|x64
		{8B1E9E95-E0D0-4FF1-A232-032D252CEF0C}.Debug|x64.Build.0 = Debug|x64
		{8B1E9E95-E0D0-4FF1-A232-032D252CEF0C}.Debug|x86.ActiveCfg = Debug|Win32
		{8B1E9E95-E0D0-4FF1-A232-032D252CEF0C}.Debug|x86.Build.0 = Debug|Win32
		{8B1E9E95-E0D0-4FF1-A232-032D252CEF0C}.Release|x64.ActiveCfg = Release|x64
		{8B1E9E95-E0D0-4FF1-A232-032D252CEF0C}.Release|x64.Build.0 = Release|x64
		{8B1E9E95-E0D0-4FF1-A232-032D252CEF0C}.Release|x86.ActiveCfg = Release|Win32
		{8B1E9E95-E0D0-4FF1-A232-032D252CEF0C}.Release|x86.Build.0 = Release|Win32
		{98FB1677-9426-4D40-BCA2-9295CAB36078}.Debug|x64.ActiveCfg = Debug|x64
		{98FB1677-9426-4D40-BCA2-9295CAB36078}.Debug|x64.Build.0 = Debug|x64
		{98FB1677-9426-4D40-BCA2-9295CAB36078}.Debug|x86.ActiveCfg = Debug|Win32
		{98FB1677-9426-4D40-BCA2-9295CAB36078}.Debug|x86.Build.0 = Debug|Win32
		{98FB1677-9426-4D40-BCA2-9295CAB36078}.Release|x64.ActiveCfg = Release|x64
		{98FB1677-9426-4D40-BCA2-9295CAB36078}.Release|x64.Build.0 = Release|x64
		{98FB1677-9426-4D40-BCA2-9295CAB36078}.Release|x86.ActiveCfg = Release|Win32
		{98FB1677-9426-4D40-BCA2-9295CAB36078}.Release|x86.Build.0 = Release|Win32
		{8B9BB319-B7B4-42AC-8E35-D19BA90F80F4}.Debug|x64.ActiveCfg = Debug|x64
		{8B9BB319-B7B4-42AC-8E35-D19BA90F80F4}.Debug|x64.Build.0 = Debug|x64
		{8B9BB319-B7B4-42AC-8E35-D19BA90F80F4}.Debug|x86.ActiveCfg = Debug|Win32
		{8B9BB319-B7B4-42AC-8E35-D19BA90F80F4}.Debug|x86.Build.0 = Debug|Win32
		{8B9BB319-B7B4-42AC-8E35-D19BA90F80F4}.Release|x64.ActiveCfg = Release|x64
		{8B9BB319-B7B4-42AC-8E35-D19BA90F80F4}.Release|x64.Build.0 = Release|x64
		{8B9BB319-B7B4-42AC-8E35-D19BA90F80F4}.Release|x86.ActiveCfg = Release|Win32
		{8B9BB319-B7B4-42AC-8E35-D19BA90F80F4}.Release|x86.Build.0 = Release|Win32
		{32A78C47-A3A7-456D-93C1-3DF20EF291C1}.Debug|x64.ActiveCfg = Debug|x64
		{32A78C47-A3A7-456D-93C1-3DF20EF291C1}.Debug|x64.Build.0 = Debug|x64
		{32A78C47-A3A7-456D-93C1-3DF20EF291C1}.Debug|x86.ActiveCfg = Debug|Win32
		{32A78C47-A3A7-456D-93C1-3DF20EF291C1}.Debug|x86.Build.0 = Debug|Win32
		{32A78C47-A3A7-456D-93C1-3DF20EF291C1}.Release|x64.ActiveCfg = Release|x64
		{32A78C47-A3A7-456D-93C1-3DF20EF291C1}.Release|x64.Build.0 = Release|x64
		{32A78C47-A3A7-456D-93C1-3DF20EF291C1}.Release|x86.ActiveCfg = Release|Win32
		{32A78C47-A3A7-456D-93C1-3DF20EF291C1}.Release|x86.Build.0 = Release|Win32
		{305AC470-E80B-440A-BC66-93CE126977D5}.Debug|x64.ActiveCfg = Debug|x64
		{305AC470-E80B-440A-BC66-93CE126977D5}.Debug|x64.Build.0 = Debug|x64
		{305AC470-E80B-440A-BC66-93CE126977D5}.Debug|x86.ActiveCfg = Debug|Win32
		{305AC470-E80B-440A-BC66-93CE126977D5}.Debug|x86.Build.0 = Debug|Win32
		{305AC470-E80B-440A-BC66-93CE126977D5}.Release|x64.ActiveCfg = Release|x64
		{305AC470-E80B-440A-BC66-93CE126977D5}.Release|x64.Build.0 = Release|x64
		{305AC470-E80B-440A-BC66-93CE126977D5}.Release|x86.ActiveCfg = Release|Win32
		{305AC470-E80B-440A-BC66-93CE126977D5}.Release|x86.Build.0 = Release|Win32
		{BF3B26E7-A4BE-4AAF-A66F-B4DA2005D015}.Debug|x64.ActiveCfg = Debug|x64
		{BF3B26E7-A4BE-4AAF-A66F-B4DA2005D015}.Debug|x64.Build.0 = Debug|x64
		{BF3B26E7-A4BE-4AAF-A66F-B4DA2005D015}.Debug|x86.ActiveCfg = Debug|Win32
		{BF3B26E7-A4BE-4AAF-A66F-B4DA2005D015}.Debug|x86.Build.0 = Debug|Win32
		{BF3B26E7-A4BE-4AAF-A66F-B4DA2005D015}.Release|x64.ActiveCfg = Release|x64
		{BF3B26E7-A4BE-4AAF-A66F-B4DA2005D015}.Release|x64.Build.0 = Release|x64
		{BF3B26E7-A4BE-4AAF-A66F-B4DA2005D015}.Release|x86.ActiveCfg = Release|Win32
		{BF3B26E7-A4BE-4AAF-A66F-B4DA2005D015}.Release|x86.Build.0 = Release|Win32
		{A64326A2-52D4-491C-A9EB-57C12BB676E4}.Debug|x64.ActiveCfg = Debug|x64
		{A64326A2-52D4-491C-A9EB-57C12BB676E4}.Debug|x64.Build.0 = Debug|x64
		{A64326A2-52D4-491C-A9EB-57C12BB676E4}.Debug|x86.ActiveCfg = Debug|Win32
		{A64326A2-52D4-491C-A9EB-57C12BB676E4}.Debug|x86.Build.0 = Debug|Win32
		{A64326A2-52D4-491C-A9EB-57C12BB676E4}.Release|x64.ActiveCfg = Release|x64
		{A64326A2-52D4-491C-A9EB-57C12BB676E4}.Release|x64.Build.0 = Release|x64
		{A64326A2-52D4-491C-A9EB-57C12BB676E4}.Release|x86.ActiveCfg = Release|Win32
		{A64326A2-52D4-491C-A9EB-57C12BB676E4}.Release|x86.Build.0 = Release|Win32
		{3A021643-2005-462C-927B-60D0EA30BB45}.Debug|x64.ActiveCfg = Debug|x64
		{3A021643-2005-462C-927B-60D0EA30BB45}.Debug|x64.Build.0 = Debug|x64
		{3A021643-2005-462C-927B-60D0EA30BB45}.Debug|x86.ActiveCfg = Debug|Win32
		{3A021643-2005-462C-927B-60D0EA30BB45}.Debug|x86.Build.0 = Debug|Win32
		{3A021643-2005-462C-927B-60D0EA30BB45}.Release|x64.ActiveCfg = Release|x64
		{3A021643-2005-462C-927B-60D0EA30BB45}.Release|x64.Build.0 = Release|x64
		{3A021643-2005-462C-927B-60D0EA30BB45}.Release|x86.ActiveCfg = Release|Win32
		{3A021643-2005-462C-927B-60D0EA30BB45}.Release|x86.Build.0 = Release|Win32
		{8235C371-0793-407C-96AA-49BFE26CAD8A}.Debug|x64.ActiveCfg = Debug|x64
		{8235C371-0793-407C-96AA-49BFE26CAD8A}.Debug|x64.Build.0 = Debug|x64
		{8235C371-0793-407C-96AA-49BFE26CAD8A}.Debug|x86.ActiveCfg = Debug|Win32
		{8235C371-0793-407C-96AA-49BFE26CAD8A}.Debug|x86.Build.0 = Debug|Win32
		{8235C371-0793-407C-96AA-49BFE26CAD8A}.Release|x64.ActiveCfg = Release|x64
		{8235C371-0793-407C-96AA-49BFE26CAD8A}.Release|x64.Build.0 = Release|x64
		{8235C371-0793-407C-96AA-49BFE26CAD8A}.Release|x86.ActiveCfg = Release|Win32
		{8235C371-0793-407C-96AA-49BFE26CAD8A}.Release|x86.Build.0 = Release|Win32
		{2496E67E-4C70-45EE-ADB5-9FB9664B71C9}.Debug|x64.ActiveCfg = Debug|x64
		{2496E67E-4C70-45EE-ADB5-9FB9664B71C9}.Debug|x64.Build.0 = Debug|x64
		{2496E67E-4C70-45EE-ADB5-9FB9664B71C9}.Debug|x86.ActiveCfg = Debug|Win32
		{2496E67E-4C70-45EE-ADB5-9FB9664B71C9}.Debug|x86.Build.0 = Debug|Win32
		{2496E67E-4C70-45EE-ADB5-9FB9664B71C9}.Release|x64.ActiveCfg = Release|x64
		{2496E67E-4C70-45EE-ADB5-9FB9664B71C9}.Release|x64.Build.0 = Release|x64
		{2496E67E-4C70-45EE-ADB5-9FB9664B71C9}.Release|x86.ActiveCfg = Release|Win32
		{2496E67E-4C70-45EE-ADB5-9FB9664B71C9}.Release|x86.Build.0 = Release|Win32
		{A5BDF5EE-C074-4E47-983C-8DB728271A29}.Debug|x64.ActiveCfg = Debug|x64
		{A5BDF5EE-C074-4E47-983C-8DB728271A29}.Debug|x64.Build.0 = Debug|x64
		{A5BDF5EE-C074-4E47-983C-8DB728271A29}.Debug|x86.ActiveCfg = Debug|Win32
		{A5BDF5EE-C074-4E47-983C-8DB728271A29}.Debug|x86.Build.0 = Debug|Win32
		{A5BDF5EE-C074-4E47-983C-8DB728271A29}.Release|x64.ActiveCfg = Release|x64
		{A5BDF5EE-C074-4E47-983C-8DB728271A29}.Release|x64.Build.0 = Release|x64
		{A5BDF5EE-C074-4E47-983C-8DB728271A29}.Release|x86.ActiveCfg = Release|Win32
		{A5BDF5EE-C074-4E47-983C-8DB728271A29}.Release|x86.Build.0 = Release|Win32
		{4ADB47C5-EE19-4475-80EA-41DEFCF49B2F}.Debug|x64.ActiveCfg = Debug|x64
		{4ADB47C5-EE19-4475-80EA-41DEFCF49B2F}.Debug|x64.Build.0 = Debug|x64
		{4ADB47C5-EE19-4475-80EA-41DEFCF49B2F}.Debug|x86.ActiveCfg = Debug|Win32
		{4ADB47C5-EE19-4475-80EA-41DEFCF49B2F}.Debug|x86.Build.0 = Debug|Win32
		{4ADB47C5-EE19-4475-80EA-41DEFCF49B2F}.Release|x64.ActiveCfg = Release|x64
		{4ADB47C5-EE19-4475-80EA-41DEFCF49B2F}.Release|x64.Build.0 = Release|x64
		{4ADB47C5-EE19-4475-80EA-41DEFCF49B2F}.Release|x86.ActiveCfg = Release|Win32
		{4ADB47C5-EE19-4475-80EA-41DEFCF49B2F}.Release|x86.Build.0 = Release|Win32
		{B1849D3A-B679-442D-88B0-F273D3505A3C}.Debug|x64.ActiveCfg = Debug|x64
		{B1849D3A-B679-442D-88B0-F273D3505A3C}.Debug|x64.Build.0 = Debug|x64
		{B1849D3A-B679-442D-88B0-F273D3505A3C}.Debug|x86.ActiveCfg = Debug|Win32
		{B1849D3A-B679-442D-88B0-F273D3505A3C}.Debug|x86.Build.0 = Debug|Win32
		{B1849D3A-B679-442D-88B0-F273D3505A3C}.Release|x64.ActiveCfg = Release|x64
		{B1849D3A-B679-442D-88B0-F273D3505A3C}.Release|x64.Build.0 = Release|x64
		{B1849D3A-B679-442D-88B0-F273D3505A3C}.Release|x86.ActiveCfg = Release|Win32
		{B1849D3A-B679-442D-88B0-F273D3505A3C}.Release|x86.Build.0 = Release|Win32
		{991A23D1-9E59-45F9-9549-1C9CE6384FD5}.Debug|x64.ActiveCfg = Debug|x64
		{991A23D1-9E59-45F9-9549-1C9CE6384FD5}.Debug|x64.Build.0 = Debug|x64
		{991A23D1-9E59-45F9-9549-1C9CE6384FD5}.Debug|x86.ActiveCfg = Debug|Win32
		{991A23D1-9E59-45F9-9549-1C9CE6384FD5}.Debug|x86.Build.0 = Debug|Win32
		{991A23D1-9E59-45F9-9549-1C9CE6384FD5}.Release|x64.ActiveCfg = Release|x64
		{991A23D1-9E59-45F9-9549-1C9CE6384FD5}.Release|x64.Build.0 = Release|x64
		{991A23D1-9E59-45F9-9549-1C9CE6384FD5}.Release|x86.ActiveCfg = Release|Win32
		{991A23D1-9E59-45F9-9549-1C9CE6384FD5}.Release|x86.Build.0 = Release|Win32
		{1F393CE8-1A9C-4E24-9A20-D4D426A5DC15}.Debug|x64.ActiveCfg = Debug|x64
		{1F393CE8-1A9C-4E24-9A20-D4D426A5DC15}.Debug|x64.Build.0 = Debug|x64
		{1F393CE8-1A9C-4E24-9A20-D4D426A5DC15}.Debug|x86.ActiveCfg = Debug|Win32
		{1F393CE8-1A9C-4E24-9A20-D4D426A5DC15}.Debug|x86.Build.0 = Debug|Win32
		{1F393CE8-1A9C-4E24-9A20-D4D426A5DC15}.Release|x64.ActiveCfg = Release|x64
		{1F393CE8-1A9C-4E24-9A20-D4D426A5DC15}.Release|x64.Build.0 = Release|x64
		{1F393CE8-1A9C-4E24-9A20-D4D426A5DC15}.Release|x86.ActiveCfg = Release|Win32
		{1F393CE8-1A9C-4E24-9A20-D4D426A5DC15}.Release|x86.Build.0 = Release|Win32
		{C0FE739E-26AD-440F-A31A-C6522AFAE266}.Debug|x64.ActiveCfg = Debug|x64
		{C0FE739E-26AD-440F-A31A-C6522AFAE266}.Debug|x64.Build.0 = Debug|x64
		{C0FE739E-26AD-440F-A31A-C6522AFAE266}.Debug|x86.ActiveCfg = Debug|Win32
		{C0FE739E-26AD-440F-A31A-C6522AFAE266}.Debug|x86.Build.0 = Debug|Win32
		{C0FE739E-26AD-440F-A31A-C6522AFAE266}.Release|x64.ActiveCfg = Release|x64
		{C0FE739E-26AD-440F-A31A-C6522AFAE266}.Release|x64.Build.0 = Release|x64
		{C0FE739E-26AD-440F-A31A-C6522AFAE266}.Release|x86.ActiveCfg = Release|Win32
		{C0FE739E-26AD-440F-A31A-C6522AFAE266}.Release|x86.Build.0 = Release|Win32
		{6C3EE4F8-5755-47FF-A5DD-1F9108DDE2E8}.Debug|x64.ActiveCfg = Debug|x64
		{6C3EE4F8-5755-47FF-A5DD-1F9108DDE2E8}.Debug|x64.Build.0 = Debug|x64
		{6C3EE4F8-5755-47FF-A5DD-1F9108DDE2E8}.Debug|x86.ActiveCfg = Debug|Win32
		{6C3EE4F8-5755-47FF-A5DD-1F9108DDE2E8}.Debug|x86.Build.0 = Debug|Win32
		{6C3EE4F8-5755-47FF-A5DD-1F9108DDE2E8}.Release|x64.ActiveCfg = Release|x64
		{6C3EE4F8-5755-47FF-A5DD-1F9108DDE2E8}.Release|x64.Build.0 = Release|x64
		{6C3EE4F8-5755-47FF-A5DD-1F9108DDE2E8}.Release|x86.ActiveCfg = Release|Win32
		{6C3EE4F8-5755-47FF-A5DD-1F9108DDE2E8}.Release|x86.Build.0 = Release|Win32
		{14FC95D6-8493-409F-9F37-4415F21121FD}.Debug|x64.ActiveCfg = Debug|x64
		{14FC95D6-8493-409F-9F37-4415F21121FD}.Debug|x64.Build.0 = Debug|x64
		{14FC95D6-8493-409F-9F37-4415F21121FD}.Debug|x86.ActiveCfg = Debug|Win32
		{14FC95D6-8493-409F-9F37-4415F21121FD}.Debug|x86.Build.0 = Debug|Win32
		{14FC95D6-8493-409F-9F37-4415F21121FD}.Release|x64.ActiveCfg = Release|x64
		{14FC95D6-8493-409F-9F37-4415F21121FD}.Release|x64.Build.0 = Release|x64
		{14FC95D6-8493-409F-9F37-4415F21121FD}.Release|x86.ActiveCfg = Release|Win32
		{14FC95D6-8493-409F-9F37-4415F21121FD}.Release|x86.Build.0 = Release|Win32
		{F02028EC-F35B-4B59-AE87-786A4A34A937}.Debug|x64.ActiveCfg = Debug|x64
		{F02028EC-F35B-4B59-AE87-786A4A34A937}.Debug|x64.Build.0 = Debug|x64
		{F02028EC-F35B-4B59-AE87-786A4A34A937}.Debug|x86.ActiveCfg = Debug|Win32
		{F02028EC-F35B-4B59-AE87-786A4A34A937}.Debug|x86.Build.0 = Debug|Win32
		{F02028EC-F35B-4B59-AE87-786A4A34A937}.Release|x64.ActiveCfg = Release|x64
		{F02028EC-F35B-4B59-AE87-786A4A34A937}.Release|x64.Build.0 = Release|x64
		{F02028EC-F35B-4B59-AE87-786A4A34A937}.Release|x86.ActiveCfg = Release|Win32
		{F02028EC-F35B-4B59-AE87-786A4A34A937}.Release|x86.Build.0 = Release|Win32
		{365AA3A4-75F1-47D2-8A84-20522E728560}.Debug|x64.ActiveCfg = Debug|x64
		{365AA3A4-75F1-47D2-8A84-20522E728560}.Debug|x64.Build.0 = Debug|x64
		{365AA3A4-75F1-47D2-8A84-20522E728560}.Debug|x86.ActiveCfg = Debug|Win32
		{365AA3A4-75F1-47D2-8A84-20522E728560}.Debug|x86.Build.0 = Debug|Win32
		{365AA3A4-75F1-47D2-8A84-20522E728560}.Release|x64.ActiveCfg = Release|x64
		{365AA3A4-75F1-47D2-8A84-20522E728560}.Release|x64.Build.0 = Release|x64
		{365AA3A4-75F1-47D2-8A84-20522E728560}.Release|x86.ActiveCfg = Release|Win32
		{365AA3A4-75F1-47D2-8A84-20522E728560}.Release|x86.Build.0 = Release|Win32
		{CFD49230-D262-4040-BEB2-FF4801DD4CCE}.Debug|x64.ActiveCfg = Debug|x64
		{CFD49230-D262-4040-BEB2-FF4801DD4CCE}.Debug|x64.Build.0 = Debug|x64
		{CFD49230-D262-4040-BEB2-FF4801DD4CCE}.Debug|x86.ActiveCfg = Debug|Win32
		{CFD49230-D262-4040-BEB2-FF4801DD4CCE}.Debug|x86.Build.0 = Debug|Win32
		{CFD49230-D262-4040-BEB2-FF4801DD4CCE}.Release|x64.ActiveCfg = Release|x64
		{CFD49230-D262-4040-BEB2-FF4801DD4CCE}.Release|x64.Build.0 = Release|x64
		{CFD49230-D262-4040-BEB2-FF4801DD4CCE}.Release|x86.ActiveCfg = Release|Win32
		{CFD49230-D262-4040-BEB2-FF4801DD4CCE}.Release|x86.Build.0 = Release|Win32
		{D9587670-E697-4D2E-B5C2-D9D07B0BA772}.Debug|x64.ActiveCfg = Debug|x64
		{D9587670-E697-4D2E-B5C2-D9D07B0BA772}.Debug|x64.Build.0 = Debug|x64
		{D9587670-E697-4D2E-B5C2-D9D07B0BA772}.Debug|x86.ActiveCfg = Debug|Win32
		{D9587670-E697-4D2E-B5C2-D9D07B0BA772}.Debug|x86.Build.0 = Debug|Win32
		{D9587670-E697-4D2E-B5C2-D9D07B0BA772}.Release|x64.ActiveCfg = Release|x64
		{D9587670-E697-4D2E-B5C2-D9D07B0BA772}.Release|x64.Build.0 = Release|x64
		{D9587670-E697-4D2E-B5C2-D9D07B0BA772}.Release|x86.ActiveCfg = Release|Win32
		{D9587670-E697-4D2E-B5C2-D9D07B0BA772}.Release|x86.Build.0 = Release|Win32
		{94FF17C8-1EF7-4367-9E4F-28FD828155E6}.Debug|x64.ActiveCfg = Debug|x64
		{94FF17C8-1EF7-4367-9E4F-28FD828155E6}.Debug|x64.Build.0 = Debug|x64
		{94FF17C8-1EF7-4367-9E4F-28FD828155E6}.Debug|x86.ActiveCfg = Debug|Win32
		{94FF17C8-1EF7-4367-9E4F-28FD828155E6}.Debug|x86.Build.0 = Debug|Win32
		{94FF17C8-1EF7-4367-9E4F-28FD828155E6}.Release|x64.ActiveCfg = Release|x64
		{94FF17C8-1EF7-4367-9E4F-28FD828155E6}.Release|x64.Build.0 = Release|x64
		{94FF17C8-1EF7-4367-9E4F-28FD828155E6}.Release|x86.ActiveCfg = Release|Win32
		{94FF17C8-1EF7-4367-9E4F-28FD828155E6}.Release|x86.Build.0 = Release|Win32
		{1BABB643-F384-4934-9E47-0AB359F07353}.Debug|x64.ActiveCfg = Debug|x64
		{1BABB643-F384-4934-9E47-0AB359F07353}.Debug|x64.Build.0 = Debug|x64
		{1BABB643-F384-4934-9E47-0AB359F07353}.Debug|x86.ActiveCfg = Debug|Win32
		{1BABB643-F384-4934-9E47-0AB359F07353}.Debug|x86.Build.0 = Debug|Win32
		{1BABB643-F384-4934-9E47-0AB359F07353}.Release|x64.ActiveCfg = Release|x64
		{1BABB643-F384-4934-9E47-0AB359F07353}.Release|x64.Build.0 = Release|x64
		{1BABB643-F384-4934-9E47-0AB359F07353}.Release|x86.ActiveCfg = Release|Win32
		{1BABB643-F384-4934-9E47-0AB359F07353}.Release|x86.Build.0 = Release|Win32
		{F394DF60-E5C2-40D8-B065-55493B44F06B}.Debug|x64.ActiveCfg = Debug|x64
		{F394DF60-E5C2-40D8-B065-55493B44F06B}.Debug|x64.Build.0 = Debug|x64
		{F394DF60-E5C2-40D8-B065-55493B44F06B}.Debug|x86.ActiveCfg = Debug|Win32
		{F394DF60-E5C2-40D8-B065-55493B44F06B}.Debug|x86.Build.0 = Debug|Win32
		{F394DF60-E5C2-40D8-B065-55493B44F06B}.Release|x64.ActiveCfg = Release|x64
		{F394DF60-E5C2-40D8-B065-55493B44F06B}.Release|x64.Build.0 = Release|x64
		{F394DF60-E5C2-40D8-B065-55493B44F06B}.Release|x86.ActiveCfg = Release|Win32
		{F394DF60-E5C2-40D8-B065-55493B44F06B}.Release|x86.Build.0 = Release|Win32
		{6B24DA6A-6168-4E52-8091-0D172245513D}.Debug|x64.ActiveCfg = Debug|x64
		{6B24DA6A-6168-4E52-8091-0D172245513D}.Debug|x64.Build.0 = Debug|x64
		{6B24DA6A-6168-4E52-8091-0D172245513D}.Debug|x86.ActiveCfg = Debug|Win32
		{6B24DA6A-6168-4E52-8091-0D172245513D}.Debug|x86.Build.0 = Debug|Win32
		{6B24DA6A-6168-4E52-8091-0D172245513D}.Release|x64.ActiveCfg = Release|x64
		{6B24DA6A-6168-4E52-8091-0D172245513D}.Release|x64.Build.0 = Release|x64
		{6B24DA6A-6168-4E52-8091-0D172245513D}.Release|x86.ActiveCfg = Release|Win32
		{6B24DA6A-6168-4E52-8091-0D172245513D}.Release|x86.Build.0 = Release|Win32
		{503C8AF0-BEB0-41F1-A77E-D56F1454ABAA}.Debug|x64.ActiveCfg = Debug|x64
		{503C8AF0-BEB0-41F1-A77E-D56F1454ABAA}.Debug|x64.Build.0 = Debug|x64
		{503C8AF0-BEB0-41F1-A77E-D56F1454ABAA}.Debug|x86.ActiveCfg = Debug|Win32
		{503C8AF0-BEB0-41F1-A77E-D56F1454ABAA}.Debug|x86.Build.0 = Debug|Win32
		{503C8AF0-BEB0-41F1-A77E-D56F1454ABAA}.Release|x64.ActiveCfg = Release|x64
		{503C8AF0-BEB0-41F1-A77E-D56F1454ABAA}.Release|x64.Build.0 = Release|x64
		{503C8AF0-BEB0-41F1-A77E-D56F1454ABAA}.Release|x86.ActiveCfg = Release|Win32
		{503C8AF0-BEB0-41F1-A77E-D56F1454ABAA}.Release|x86.Build.0 = Release|Win32
		{57C99CAC-774E-49DA-9F73-C2205EB0FA3A}.Debug|x64.ActiveCfg = Debug|x64
		{57C99CAC-774E-49DA-9F73-C2205EB0FA3A}.Debug|x64.Build.0 = Debug|x64
		{57C99CAC-774E-49DA-9F73-C2205EB0FA3A}.Debug|x86.ActiveCfg = Debug|Win32
		{57C99CAC-774E-49DA-9F73-C2205EB0FA3A}.Debug|x86.Build.0 = Debug|Win32
		{57C99CAC-774E-49DA-9F73-C2205EB0FA3A}.Release|x64.ActiveCfg = Release|x64
		{57C99CAC-774E-49DA-9F73-C2205EB0FA3A}.Release|x64.Build.0 = Release|x64
		{57C99CAC-774E-49DA-9F73-C2205EB0FA3A}.Release|x86.ActiveCfg = Release|Win32
		{57C99CAC-774E-49DA-9F73-C2205EB0FA3A}.Release|x86.Build.0 = Release|Win32
		{06B5AB07-66C5-491B-B013-289BC620EC6A}.Debug|x64.ActiveCfg = Debug|x64
		{06B5AB07-66C5-491B-B013-289BC620EC6A}.Debug|x64.Build.0 = Debug|x64
		{06B5AB07-66C5-491B-B013-289BC620EC6A}.Debug|x86.ActiveCfg = Debug|Win32
		{06B5AB07-66C5-491B-B013-289BC620EC6A}.Debug|x86.Build.0 = Debug|Win32
		{06B5AB07-66C5-491B-B013-289BC620EC6A}.Release|x64.ActiveCfg = Release|x64
		{06B5AB07-66C5-491B-B013-289BC620EC6A}.Release|x64.Build.0 = Release|x64
		{06B5AB07-66C5-491B-B013-289BC620EC6A}.Release|x86.ActiveCfg = Release|Win32
		{06B5AB07-66C5-491B-B013-289BC620EC6A}.Release|x86.Build.0 = Release|Win32
		{108EC738-B87F-4252-9951-05BF8D0FD706}.Debug|x64.ActiveCfg = Debug|x64
		{108EC738-B87F-4252-9951-05BF8D0FD706}.Debug|x64.Build.0 = Debug|x64
		{108EC738-B87F-4252-9951-05BF8D0FD706}.Debug|x86.ActiveCfg = Debug|Win32
		{108EC738-B87F-4252-9951-05BF8D0FD706}.Debug|x86.Build.0 = Debug|Win32
		{108EC738-B87F-4252-9951-05BF8D0FD706}.Release|x64.ActiveCfg = Release|x64
		{108EC738-B87F-4252-9951-05BF8D0FD706}.Release|x64.Build.0 = Release|x64
		{108EC738-B87F-4252-9951-05BF8D0FD706}.Release|x86.ActiveCfg = Release|Win32
		{108EC738-B87F-4252-9951-05BF8D0FD706}.Release|x86.Build.0 = Release|Win32
		{FC861DEA-FE71-49DC-82E5-518ADC6DE040}.Debug|x64.ActiveCfg = Debug|x64
		{FC861DEA-FE71-49DC-82E5-518ADC6DE040}.Debug|x64.Build.0 = Debug|x64
		{FC861DEA-FE71-49DC-82E5-518ADC6DE040}.Debug|x86.ActiveCfg = Debug|Win32
		{FC861DEA-FE71-49DC-82E5-518ADC6DE040}.Debug|x86.Build.0 = Debug|Win32
		{FC861DEA-FE71-49DC-82E5-518ADC6DE040}.Release|x64.ActiveCfg = Release|x64
		{FC861DEA-FE71-49DC-82E5-518ADC6DE040}.Release|x64.Build.0 = Release|x64
		{FC861DEA-FE71-49DC-82E5-518ADC6DE040}.Release|x86.ActiveCfg = Release|Win32
		{FC861DEA-FE71-49DC-82E5-518ADC6DE040}.Release|x86.Build.0 = Release|Win32
		{1836D262-21A9-4058-80FA-140206D9953B}.Debug|x64.ActiveCfg = Debug|x64
		{1836D262-21A9-4058-80FA-140206D9953B}.Debug|x64.Build.0 = Debug|x64
		{1836D262-21A9-4058-80FA-140206D9953B}.Debug|x86.ActiveCfg = Debug|Win32
		{1836D262-21A9-4058-80FA-140206D9953B}.Debug|x86.Build.0 = Debug|Win32
		{1836D262-21A9-4058-80FA-140206D9953B}.Release|x64.ActiveCfg = Release|x64
		{1836D262-21A9-4058-80FA-140206D9953B}.Release|x64.Build.0 = Release|x64
		{1836D262-21A9-4058-80FA-140206D9953B}.Release|x86.ActiveCfg = Release|Win32
		{1836D262-21A9-4058-80FA-140206D9953B}.Release|x86.Build.0 = Release|Win32
		{41723B74-B07B-41BD-8F7D-52D4EE0D01B8}.Debug|x64.ActiveCfg = Debug|x64
		{41723B74-B07B-41BD-8F7D-52D4EE0D01B8}.Debug|x64.Build.0 = Debug|x64
		{41723B74-B07B-41BD-8F7D-52D4EE0D01B8}.Debug|x86.ActiveCfg = Debug|Win32
		{41723B74-B07B-41BD-8F7D-52D4EE0D01B8}.Debug|x86.Build.0 = Debug|Win32
		{41723B74-B07B-41BD-8F7D-52D4EE0D01B8}.Release|x64.ActiveCfg = Release|x64
		{41723B74-B07B-41BD-8F7D-52D4EE0D01B8}.Release|x64.Build.0 = Release|x64
		{41723B74-B07B-41BD-8F7D-52D4EE0D01B8}.Release|x86.ActiveCfg = Release|Win32
		{41723B74-B07B-41BD-8F7D-52D4EE0D01B8}.Release|x86.Build.0 = Release|Win32
		{4CE51709-938C-4503-AA63-FAB463C18530}.Debug|x64.ActiveCfg = Debug|x64
		{4CE51709-938C-4503-AA63-FAB463C18530}.Debug|x64.Build.0 = Debug|x64
		{4CE51709-938C-4503-AA63-FAB463C18530}.Debug|x86.ActiveCfg = Debug|Win32
		{4CE51709-938C-4503-AA63-FAB463C18530}.Debug|x86.Build.0 = Debug|Win32
		{4CE51709-938C-4503-AA63-FAB463C18530}.Release|x64.ActiveCfg = Release|x64
		{4CE51709-938C-4503-AA63-FAB463C18530}.Release|x64.Build.0 = Release|x64
		{4CE51709-938C-4503-AA63-FAB463C18530}.Release|x86.ActiveCfg = Release|Win32
		{4CE51709-938C-4503-AA63-FAB463C18530}.Release|x86.Build.0 = Release|Win32
		{580E179A-F173-49F5-88DC-DF6C2C2E1C28}.Debug|x64.ActiveCfg = Debug|x64
		{580E179A-F173-49F5-88DC-DF6C2C2E1C28}.Debug|x64.Build.0 = Debug|x64
		{580E179A-F173-49F5-88DC-DF6C2C2E1C28}.Debug|x86.ActiveCfg = Debug|Win32
		{580E179A-F173-49F5-88DC-DF6C2C2E1C28}.Debug|x86.Build.0 = Debug|Win32
		{580E179A-F173-49F5-88DC-DF6C2C2E1C28}.Release|x64.ActiveCfg = Release|x64
		{580E179A-F173-49F5-88DC-DF6C2C2E1C28}.Release|x64.Build.0 = Release|x64
		{580E179A-F173-49F5-88DC-DF6C2C2E1C28}.Release|x86.ActiveCfg = Release|Win32
		{580E179A-F173-49F5-88DC-DF6C2C2E1C28}.Release|x86.Build.0 = Release|Win32
		{CF2D1B65-EA4A-4929-9005-55A6B3016E75}.Debug|x64.ActiveCfg = Debug|x64
		{CF2D1B65-EA4A-4929-9005-55A6B3016E75}.Debug|x64.Build.0 = Debug|x64
		{CF2D1B65-EA4A-4929-9005-55A6B3016E75}.Debug|x86.ActiveCfg = Debug|Win32
		{CF2D1B65-EA4A-4929-9005-55A6B3016E75}.Debug|x86.Build.0 = Debug|Win32
		{CF2D1B65-EA4A-4929-9005-55A6B3016E75}.Release|x64.ActiveCfg = Release|x64
		{CF2D1B65-EA4A-4929-9005-55A6B3016E75}.Release|x64.Build.0 = Release|x64
		{CF2D1B65-EA4A-4929-9005-55A6B3016E75}.Release|x86.ActiveCfg = Release|Win32
		{CF2D1B65-EA4A-4929-9005-55A6B3016E75}.Release|x86.Build.0 = Release|Win32
		{6E03400E-BD06-4254-B03E-E4AF314D8B67}.Debug|x64.ActiveCfg = Debug|x64
		{6E03400E-BD06-4254-B03E-E4AF314D8B67}.Debug|x64.Build.0 = Debug|x64
		{6E03400E-BD06-4254-B03E-E4AF314D8B67}.Debug|x86.ActiveCfg = Debug|Win32
		{6E03400E-BD06-4254-B03E-E4AF314D8B67}.Debug|x86.Build.0 = Debug|Win32
		{6E03400E-BD06-4254-B03E-E4AF314D8B67}.Release|x64.ActiveCfg = Release|x64
		{6E03400E-BD06-4254-B03E-E4AF314D8B67}.Release|x64.Build.0 = Release|x64
		{6E03400E-BD06-4254-B03E-E4AF314D8B67}.Release|x86.ActiveCfg = Release|Win32
		{6E03400E-BD06-4254-B03E-E4AF314D8B67}.Release|x86.Build.0 = Release|Win32
		{0C49BF7F-9722-45EF-B2E6-8AC43EF38CD6}.Debug|x64.ActiveCfg = Debug|x64
		{0C49BF7F-9722-45EF-B2E6-8AC43EF38CD6}.Debug|x64.Build.0 = Debug|x64
		{0C49BF7F-9722-45EF-B2E6-8AC43EF38CD6}.Debug|x86.ActiveCfg = Debug|Win32
		{0C49BF7F-9722-45EF-B2E6-8AC43EF38CD6}.Debug|x86.Build.0 = Debug|Win32
		{0C49BF7F-9722-45EF-B2E6-8AC43EF38CD6}.Release|x64.ActiveCfg = Release|x64
		{0C49BF7F-9722-45EF-B2E6-8AC43EF38CD6}.Release|x64.Build.0 = Release|x64
		{0C49BF7F-9722-45EF-B2E6-8AC43EF38CD6}.Release|x86.ActiveCfg = Release|Win32
		{0C49BF7F-9722-45EF-B2E6-8AC43EF38CD6}.Release|x86.Build.0 = Release|Win32
		{3C1FB441-C859-4442-B1BB-88221BAEAE94}.Debug|x64.ActiveCfg = Debug|x64
		{3C1FB441-C859-4442-B1BB-88221BAEAE94}.Debug|x64.Build.0 = Debug|x64
		{3C1FB441-C859-4442-B1BB-88221BAEAE94}.Debug|x86.ActiveCfg = Debug|Win32
		{3C1FB441-C859-4442-B1BB-88221BAEAE94}.Debug|x86.Build.0 = Debug|Win32
		{3C1FB441-C859-4442-B1BB-88221BAEAE94}.Release|x64.ActiveCfg = Release|x64
		{3C1FB441-C859-4442-B1BB-88221BAEAE94}.Release|x64.Build.0 = Release|x64
		{3C1FB441-C859-4442-B1BB-88221BAEAE94}.Release|x86.ActiveCfg = Release|Win32
		{3C1FB441-C859-4442-B1BB-88221BAEAE94}.Release|x86.Build.0 = Release|Win32
		{8F41C37F-A3D0-44F9-A724-AE39F3616F02}.Debug|x64.ActiveCfg = Debug|x64
		{8F41C37F-A3D0-44F9-A724-AE39F3616F02}.Debug|x64.Build.0 = Debug|x64
		{8F41C37F-A3D0-44F9-A724-AE39F3616F02}.Debug|x86.ActiveCfg = Debug|Win32
		{8F41C37F-A3D0-44F9-A724-AE39F3616F02}.Debug|x86.Build.0 = Debug|Win32
		{8F41C37F-A3D0-44F9-A724-AE39F3616F02}.Release|x64.ActiveCfg = Release|x64
		{8F41C37F-A3D0-44F9-A724-AE39F3616F02}.Release|x64.Build.0 = Release|x64
		{8F41C37F-A3D0-44F9-A724-AE39F3616F02}.Release|x86.ActiveCfg = Release|Win32
		{8F41C37F-A3D0-44F9-A724-AE39F3616F02}.Release|x86.Build.0 = Release|Win32
		{2A3A11D8-382A-4ECF-B9A7-0234F1EAA673}.Debug|x64.ActiveCfg = Debug|x64
		{2A3A11D8-382A-4ECF-B9A7-0234F1EAA673}.Debug|x64.Build.0 = Debug|x64
		{2A3A11D8-382A-4ECF-B9A7-0234F1EAA673}.Debug|x86.ActiveCfg = Debug|Win32
		{2A3A11D8-382A-4ECF-B9A7-0234F1EAA673}.Debug|x86.Build.0 = Debug|Win32
		{2A3A11D8-382A-4ECF-B9A7-0234F1EAA673}.Release|x64.ActiveCfg = Release|x64
		{2A3A11D8-382A-4ECF-B9A7-0234F1EAA673}.Release|x64.Build.0 = Release|x64
		{2A3A11D8-382A-4ECF-B9A7-0234F1EAA673}.Release|x86.ActiveCfg = Release|Win32
		{2A3A11D8-382A-4ECF-B9A7-0234F1EAA673}.Release|x86.Build.0 = Release|Win32
	EndGlobalSection
	GlobalSection(SolutionProperties) = preSolution
		HideSolutionNode = FALSE
	EndGlobalSection
	GlobalSection(ExtensibilityGlobals) = postSolution
		SolutionGuid = {2A54484D-F57B-46DC-9B0E-69AC927E485D}
	EndGlobalSection
EndGlobal
